// !$*UTF8*$!
{
	archiveVersion = 1;
	classes = {
	};
	objectVersion = 50;
	objects = {

/* Begin PBXBuildFile section */
		03CD32FB220F4EB9006B7BCA /* Home.storyboard in Resources */ = {isa = PBXBuildFile; fileRef = 03CD32FA220F4EB9006B7BCA /* Home.storyboard */; };
		03CD32FD220F5354006B7BCA /* Advertisement.storyboard in Resources */ = {isa = PBXBuildFile; fileRef = 03CD32FC220F5354006B7BCA /* Advertisement.storyboard */; };
		03CD32FF220F53D5006B7BCA /* Setting.storyboard in Resources */ = {isa = PBXBuildFile; fileRef = 03CD32FE220F53D5006B7BCA /* Setting.storyboard */; };
		03CD3307220F585E006B7BCA /* home_1x.png in Resources */ = {isa = PBXBuildFile; fileRef = 03CD3304220F585E006B7BCA /* home_1x.png */; };
		03CD330A220F5A65006B7BCA /* Ad_1x.png in Resources */ = {isa = PBXBuildFile; fileRef = 03CD3309220F5A65006B7BCA /* Ad_1x.png */; };
		03CD330D220F5AB7006B7BCA /* Setting_1x.png in Resources */ = {isa = PBXBuildFile; fileRef = 03CD330C220F5AB7006B7BCA /* Setting_1x.png */; };
		03CD330F220F5F05006B7BCA /* HomeViewController.swift in Sources */ = {isa = PBXBuildFile; fileRef = 03CD330E220F5F05006B7BCA /* HomeViewController.swift */; };
		03CD3311220F5FB5006B7BCA /* AdvertisementViewController.swift in Sources */ = {isa = PBXBuildFile; fileRef = 03CD3310220F5FB5006B7BCA /* AdvertisementViewController.swift */; };
		03CD3313220F5FC8006B7BCA /* SettingViewController.swift in Sources */ = {isa = PBXBuildFile; fileRef = 03CD3312220F5FC8006B7BCA /* SettingViewController.swift */; };
		50C8D81C220F1D4E00D09939 /* AppDelegate.swift in Sources */ = {isa = PBXBuildFile; fileRef = 50C8D81B220F1D4E00D09939 /* AppDelegate.swift */; };
		50C8D81E220F1D4E00D09939 /* ViewController.swift in Sources */ = {isa = PBXBuildFile; fileRef = 50C8D81D220F1D4E00D09939 /* ViewController.swift */; };
		50C8D821220F1D4E00D09939 /* Main.storyboard in Resources */ = {isa = PBXBuildFile; fileRef = 50C8D81F220F1D4E00D09939 /* Main.storyboard */; };
		50C8D823220F1D5100D09939 /* Assets.xcassets in Resources */ = {isa = PBXBuildFile; fileRef = 50C8D822220F1D5100D09939 /* Assets.xcassets */; };
		50C8D826220F1D5100D09939 /* LaunchScreen.storyboard in Resources */ = {isa = PBXBuildFile; fileRef = 50C8D824220F1D5100D09939 /* LaunchScreen.storyboard */; };
		50C8D831220F1D5100D09939 /* surechigaiAppTests.swift in Sources */ = {isa = PBXBuildFile; fileRef = 50C8D830220F1D5100D09939 /* surechigaiAppTests.swift */; };
		50C8D83C220F1D5100D09939 /* surechigaiAppUITests.swift in Sources */ = {isa = PBXBuildFile; fileRef = 50C8D83B220F1D5100D09939 /* surechigaiAppUITests.swift */; };
/* End PBXBuildFile section */

/* Begin PBXContainerItemProxy section */
		50C8D82D220F1D5100D09939 /* PBXContainerItemProxy */ = {
			isa = PBXContainerItemProxy;
			containerPortal = 50C8D810220F1D4E00D09939 /* Project object */;
			proxyType = 1;
			remoteGlobalIDString = 50C8D817220F1D4E00D09939;
			remoteInfo = surechigaiApp;
		};
		50C8D838220F1D5100D09939 /* PBXContainerItemProxy */ = {
			isa = PBXContainerItemProxy;
			containerPortal = 50C8D810220F1D4E00D09939 /* Project object */;
			proxyType = 1;
			remoteGlobalIDString = 50C8D817220F1D4E00D09939;
			remoteInfo = surechigaiApp;
		};
/* End PBXContainerItemProxy section */

/* Begin PBXFileReference section */
		03CD32FA220F4EB9006B7BCA /* Home.storyboard */ = {isa = PBXFileReference; lastKnownFileType = file.storyboard; path = Home.storyboard; sourceTree = "<group>"; };
		03CD32FC220F5354006B7BCA /* Advertisement.storyboard */ = {isa = PBXFileReference; lastKnownFileType = file.storyboard; path = Advertisement.storyboard; sourceTree = "<group>"; };
		03CD32FE220F53D5006B7BCA /* Setting.storyboard */ = {isa = PBXFileReference; lastKnownFileType = file.storyboard; path = Setting.storyboard; sourceTree = "<group>"; };
		03CD3304220F585E006B7BCA /* home_1x.png */ = {isa = PBXFileReference; lastKnownFileType = image.png; path = home_1x.png; sourceTree = "<group>"; };
		03CD3309220F5A65006B7BCA /* Ad_1x.png */ = {isa = PBXFileReference; lastKnownFileType = image.png; path = Ad_1x.png; sourceTree = "<group>"; };
		03CD330C220F5AB7006B7BCA /* Setting_1x.png */ = {isa = PBXFileReference; lastKnownFileType = image.png; path = Setting_1x.png; sourceTree = "<group>"; };
		03CD330E220F5F05006B7BCA /* HomeViewController.swift */ = {isa = PBXFileReference; lastKnownFileType = sourcecode.swift; path = HomeViewController.swift; sourceTree = "<group>"; };
		03CD3310220F5FB5006B7BCA /* AdvertisementViewController.swift */ = {isa = PBXFileReference; lastKnownFileType = sourcecode.swift; path = AdvertisementViewController.swift; sourceTree = "<group>"; };
		03CD3312220F5FC8006B7BCA /* SettingViewController.swift */ = {isa = PBXFileReference; lastKnownFileType = sourcecode.swift; path = SettingViewController.swift; sourceTree = "<group>"; };
		50C8D818220F1D4E00D09939 /* surechigaiApp.app */ = {isa = PBXFileReference; explicitFileType = wrapper.application; includeInIndex = 0; path = surechigaiApp.app; sourceTree = BUILT_PRODUCTS_DIR; };
		50C8D81B220F1D4E00D09939 /* AppDelegate.swift */ = {isa = PBXFileReference; lastKnownFileType = sourcecode.swift; path = AppDelegate.swift; sourceTree = "<group>"; };
		50C8D81D220F1D4E00D09939 /* ViewController.swift */ = {isa = PBXFileReference; lastKnownFileType = sourcecode.swift; path = ViewController.swift; sourceTree = "<group>"; };
		50C8D820220F1D4E00D09939 /* Base */ = {isa = PBXFileReference; lastKnownFileType = file.storyboard; name = Base; path = Base.lproj/Main.storyboard; sourceTree = "<group>"; };
		50C8D822220F1D5100D09939 /* Assets.xcassets */ = {isa = PBXFileReference; lastKnownFileType = folder.assetcatalog; path = Assets.xcassets; sourceTree = "<group>"; };
		50C8D825220F1D5100D09939 /* Base */ = {isa = PBXFileReference; lastKnownFileType = file.storyboard; name = Base; path = Base.lproj/LaunchScreen.storyboard; sourceTree = "<group>"; };
		50C8D827220F1D5100D09939 /* Info.plist */ = {isa = PBXFileReference; lastKnownFileType = text.plist.xml; path = Info.plist; sourceTree = "<group>"; };
		50C8D82C220F1D5100D09939 /* surechigaiAppTests.xctest */ = {isa = PBXFileReference; explicitFileType = wrapper.cfbundle; includeInIndex = 0; path = surechigaiAppTests.xctest; sourceTree = BUILT_PRODUCTS_DIR; };
		50C8D830220F1D5100D09939 /* surechigaiAppTests.swift */ = {isa = PBXFileReference; lastKnownFileType = sourcecode.swift; path = surechigaiAppTests.swift; sourceTree = "<group>"; };
		50C8D832220F1D5100D09939 /* Info.plist */ = {isa = PBXFileReference; lastKnownFileType = text.plist.xml; path = Info.plist; sourceTree = "<group>"; };
		50C8D837220F1D5100D09939 /* surechigaiAppUITests.xctest */ = {isa = PBXFileReference; explicitFileType = wrapper.cfbundle; includeInIndex = 0; path = surechigaiAppUITests.xctest; sourceTree = BUILT_PRODUCTS_DIR; };
		50C8D83B220F1D5100D09939 /* surechigaiAppUITests.swift */ = {isa = PBXFileReference; lastKnownFileType = sourcecode.swift; path = surechigaiAppUITests.swift; sourceTree = "<group>"; };
		50C8D83D220F1D5100D09939 /* Info.plist */ = {isa = PBXFileReference; lastKnownFileType = text.plist.xml; path = Info.plist; sourceTree = "<group>"; };
/* End PBXFileReference section */

/* Begin PBXFrameworksBuildPhase section */
		50C8D815220F1D4E00D09939 /* Frameworks */ = {
			isa = PBXFrameworksBuildPhase;
			buildActionMask = 2147483647;
			files = (
			);
			runOnlyForDeploymentPostprocessing = 0;
		};
		50C8D829220F1D5100D09939 /* Frameworks */ = {
			isa = PBXFrameworksBuildPhase;
			buildActionMask = 2147483647;
			files = (
			);
			runOnlyForDeploymentPostprocessing = 0;
		};
		50C8D834220F1D5100D09939 /* Frameworks */ = {
			isa = PBXFrameworksBuildPhase;
			buildActionMask = 2147483647;
			files = (
			);
			runOnlyForDeploymentPostprocessing = 0;
		};
/* End PBXFrameworksBuildPhase section */

/* Begin PBXGroup section */
		03CD3300220F585E006B7BCA /* TabIcon */ = {
			isa = PBXGroup;
			children = (
				03CD330B220F5AB7006B7BCA /* Setting */,
				03CD3308220F5A65006B7BCA /* Advertisement */,
				03CD3301220F585E006B7BCA /* Home */,
			);
			path = TabIcon;
			sourceTree = "<group>";
		};
		03CD3301220F585E006B7BCA /* Home */ = {
			isa = PBXGroup;
			children = (
				03CD3304220F585E006B7BCA /* home_1x.png */,
			);
			path = Home;
			sourceTree = "<group>";
		};
		03CD3308220F5A65006B7BCA /* Advertisement */ = {
			isa = PBXGroup;
			children = (
				03CD3309220F5A65006B7BCA /* Ad_1x.png */,
			);
			path = Advertisement;
			sourceTree = "<group>";
		};
		03CD330B220F5AB7006B7BCA /* Setting */ = {
			isa = PBXGroup;
			children = (
				03CD330C220F5AB7006B7BCA /* Setting_1x.png */,
			);
			path = Setting;
			sourceTree = "<group>";
		};
		50C8D80F220F1D4E00D09939 = {
			isa = PBXGroup;
			children = (
				50C8D81A220F1D4E00D09939 /* surechigaiApp */,
				50C8D82F220F1D5100D09939 /* surechigaiAppTests */,
				50C8D83A220F1D5100D09939 /* surechigaiAppUITests */,
				50C8D819220F1D4E00D09939 /* Products */,
			);
			sourceTree = "<group>";
		};
		50C8D819220F1D4E00D09939 /* Products */ = {
			isa = PBXGroup;
			children = (
				50C8D818220F1D4E00D09939 /* surechigaiApp.app */,
				50C8D82C220F1D5100D09939 /* surechigaiAppTests.xctest */,
				50C8D837220F1D5100D09939 /* surechigaiAppUITests.xctest */,
			);
			name = Products;
			sourceTree = "<group>";
		};
		50C8D81A220F1D4E00D09939 /* surechigaiApp */ = {
			isa = PBXGroup;
			children = (
				50C8D81B220F1D4E00D09939 /* AppDelegate.swift */,
				50C8D81D220F1D4E00D09939 /* ViewController.swift */,
				03CD330E220F5F05006B7BCA /* HomeViewController.swift */,
				03CD3310220F5FB5006B7BCA /* AdvertisementViewController.swift */,
				03CD3312220F5FC8006B7BCA /* SettingViewController.swift */,
				50C8D81F220F1D4E00D09939 /* Main.storyboard */,
				03CD32FA220F4EB9006B7BCA /* Home.storyboard */,
				03CD32FC220F5354006B7BCA /* Advertisement.storyboard */,
				03CD32FE220F53D5006B7BCA /* Setting.storyboard */,
				50C8D822220F1D5100D09939 /* Assets.xcassets */,
				03CD3300220F585E006B7BCA /* TabIcon */,
				50C8D824220F1D5100D09939 /* LaunchScreen.storyboard */,
				50C8D827220F1D5100D09939 /* Info.plist */,
			);
			path = surechigaiApp;
			sourceTree = "<group>";
		};
		50C8D82F220F1D5100D09939 /* surechigaiAppTests */ = {
			isa = PBXGroup;
			children = (
				50C8D830220F1D5100D09939 /* surechigaiAppTests.swift */,
				50C8D832220F1D5100D09939 /* Info.plist */,
			);
			path = surechigaiAppTests;
			sourceTree = "<group>";
		};
		50C8D83A220F1D5100D09939 /* surechigaiAppUITests */ = {
			isa = PBXGroup;
			children = (
				50C8D83B220F1D5100D09939 /* surechigaiAppUITests.swift */,
				50C8D83D220F1D5100D09939 /* Info.plist */,
			);
			path = surechigaiAppUITests;
			sourceTree = "<group>";
		};
/* End PBXGroup section */

/* Begin PBXNativeTarget section */
		50C8D817220F1D4E00D09939 /* surechigaiApp */ = {
			isa = PBXNativeTarget;
			buildConfigurationList = 50C8D840220F1D5100D09939 /* Build configuration list for PBXNativeTarget "surechigaiApp" */;
			buildPhases = (
				50C8D814220F1D4E00D09939 /* Sources */,
				50C8D815220F1D4E00D09939 /* Frameworks */,
				50C8D816220F1D4E00D09939 /* Resources */,
			);
			buildRules = (
			);
			dependencies = (
			);
			name = surechigaiApp;
			productName = surechigaiApp;
			productReference = 50C8D818220F1D4E00D09939 /* surechigaiApp.app */;
			productType = "com.apple.product-type.application";
		};
		50C8D82B220F1D5100D09939 /* surechigaiAppTests */ = {
			isa = PBXNativeTarget;
			buildConfigurationList = 50C8D843220F1D5100D09939 /* Build configuration list for PBXNativeTarget "surechigaiAppTests" */;
			buildPhases = (
				50C8D828220F1D5100D09939 /* Sources */,
				50C8D829220F1D5100D09939 /* Frameworks */,
				50C8D82A220F1D5100D09939 /* Resources */,
			);
			buildRules = (
			);
			dependencies = (
				50C8D82E220F1D5100D09939 /* PBXTargetDependency */,
			);
			name = surechigaiAppTests;
			productName = surechigaiAppTests;
			productReference = 50C8D82C220F1D5100D09939 /* surechigaiAppTests.xctest */;
			productType = "com.apple.product-type.bundle.unit-test";
		};
		50C8D836220F1D5100D09939 /* surechigaiAppUITests */ = {
			isa = PBXNativeTarget;
			buildConfigurationList = 50C8D846220F1D5100D09939 /* Build configuration list for PBXNativeTarget "surechigaiAppUITests" */;
			buildPhases = (
				50C8D833220F1D5100D09939 /* Sources */,
				50C8D834220F1D5100D09939 /* Frameworks */,
				50C8D835220F1D5100D09939 /* Resources */,
			);
			buildRules = (
			);
			dependencies = (
				50C8D839220F1D5100D09939 /* PBXTargetDependency */,
			);
			name = surechigaiAppUITests;
			productName = surechigaiAppUITests;
			productReference = 50C8D837220F1D5100D09939 /* surechigaiAppUITests.xctest */;
			productType = "com.apple.product-type.bundle.ui-testing";
		};
/* End PBXNativeTarget section */

/* Begin PBXProject section */
		50C8D810220F1D4E00D09939 /* Project object */ = {
			isa = PBXProject;
			attributes = {
				LastSwiftUpdateCheck = 1010;
				LastUpgradeCheck = 1010;
				ORGANIZATIONNAME = "川村周也";
				TargetAttributes = {
					50C8D817220F1D4E00D09939 = {
						CreatedOnToolsVersion = 10.1;
					};
					50C8D82B220F1D5100D09939 = {
						CreatedOnToolsVersion = 10.1;
						TestTargetID = 50C8D817220F1D4E00D09939;
					};
					50C8D836220F1D5100D09939 = {
						CreatedOnToolsVersion = 10.1;
						TestTargetID = 50C8D817220F1D4E00D09939;
					};
				};
			};
			buildConfigurationList = 50C8D813220F1D4E00D09939 /* Build configuration list for PBXProject "surechigaiApp" */;
			compatibilityVersion = "Xcode 9.3";
			developmentRegion = en;
			hasScannedForEncodings = 0;
			knownRegions = (
				en,
				Base,
			);
			mainGroup = 50C8D80F220F1D4E00D09939;
			productRefGroup = 50C8D819220F1D4E00D09939 /* Products */;
			projectDirPath = "";
			projectRoot = "";
			targets = (
				50C8D817220F1D4E00D09939 /* surechigaiApp */,
				50C8D82B220F1D5100D09939 /* surechigaiAppTests */,
				50C8D836220F1D5100D09939 /* surechigaiAppUITests */,
			);
		};
/* End PBXProject section */

/* Begin PBXResourcesBuildPhase section */
		50C8D816220F1D4E00D09939 /* Resources */ = {
			isa = PBXResourcesBuildPhase;
			buildActionMask = 2147483647;
			files = (
				50C8D826220F1D5100D09939 /* LaunchScreen.storyboard in Resources */,
				03CD32FD220F5354006B7BCA /* Advertisement.storyboard in Resources */,
				03CD330D220F5AB7006B7BCA /* Setting_1x.png in Resources */,
				50C8D823220F1D5100D09939 /* Assets.xcassets in Resources */,
				03CD3307220F585E006B7BCA /* home_1x.png in Resources */,
				50C8D821220F1D4E00D09939 /* Main.storyboard in Resources */,
				03CD32FB220F4EB9006B7BCA /* Home.storyboard in Resources */,
				03CD32FF220F53D5006B7BCA /* Setting.storyboard in Resources */,
				03CD330A220F5A65006B7BCA /* Ad_1x.png in Resources */,
			);
			runOnlyForDeploymentPostprocessing = 0;
		};
		50C8D82A220F1D5100D09939 /* Resources */ = {
			isa = PBXResourcesBuildPhase;
			buildActionMask = 2147483647;
			files = (
			);
			runOnlyForDeploymentPostprocessing = 0;
		};
		50C8D835220F1D5100D09939 /* Resources */ = {
			isa = PBXResourcesBuildPhase;
			buildActionMask = 2147483647;
			files = (
			);
			runOnlyForDeploymentPostprocessing = 0;
		};
/* End PBXResourcesBuildPhase section */

/* Begin PBXSourcesBuildPhase section */
		50C8D814220F1D4E00D09939 /* Sources */ = {
			isa = PBXSourcesBuildPhase;
			buildActionMask = 2147483647;
			files = (
				03CD3313220F5FC8006B7BCA /* SettingViewController.swift in Sources */,
				50C8D81E220F1D4E00D09939 /* ViewController.swift in Sources */,
				50C8D81C220F1D4E00D09939 /* AppDelegate.swift in Sources */,
				03CD3311220F5FB5006B7BCA /* AdvertisementViewController.swift in Sources */,
				03CD330F220F5F05006B7BCA /* HomeViewController.swift in Sources */,
			);
			runOnlyForDeploymentPostprocessing = 0;
		};
		50C8D828220F1D5100D09939 /* Sources */ = {
			isa = PBXSourcesBuildPhase;
			buildActionMask = 2147483647;
			files = (
				50C8D831220F1D5100D09939 /* surechigaiAppTests.swift in Sources */,
			);
			runOnlyForDeploymentPostprocessing = 0;
		};
		50C8D833220F1D5100D09939 /* Sources */ = {
			isa = PBXSourcesBuildPhase;
			buildActionMask = 2147483647;
			files = (
				50C8D83C220F1D5100D09939 /* surechigaiAppUITests.swift in Sources */,
			);
			runOnlyForDeploymentPostprocessing = 0;
		};
/* End PBXSourcesBuildPhase section */

/* Begin PBXTargetDependency section */
		50C8D82E220F1D5100D09939 /* PBXTargetDependency */ = {
			isa = PBXTargetDependency;
			target = 50C8D817220F1D4E00D09939 /* surechigaiApp */;
			targetProxy = 50C8D82D220F1D5100D09939 /* PBXContainerItemProxy */;
		};
		50C8D839220F1D5100D09939 /* PBXTargetDependency */ = {
			isa = PBXTargetDependency;
			target = 50C8D817220F1D4E00D09939 /* surechigaiApp */;
			targetProxy = 50C8D838220F1D5100D09939 /* PBXContainerItemProxy */;
		};
/* End PBXTargetDependency section */

/* Begin PBXVariantGroup section */
		50C8D81F220F1D4E00D09939 /* Main.storyboard */ = {
			isa = PBXVariantGroup;
			children = (
				50C8D820220F1D4E00D09939 /* Base */,
			);
			name = Main.storyboard;
			sourceTree = "<group>";
		};
		50C8D824220F1D5100D09939 /* LaunchScreen.storyboard */ = {
			isa = PBXVariantGroup;
			children = (
				50C8D825220F1D5100D09939 /* Base */,
			);
			name = LaunchScreen.storyboard;
			sourceTree = "<group>";
		};
/* End PBXVariantGroup section */

/* Begin XCBuildConfiguration section */
		50C8D83E220F1D5100D09939 /* Debug */ = {
			isa = XCBuildConfiguration;
			buildSettings = {
				ALWAYS_SEARCH_USER_PATHS = NO;
				CLANG_ANALYZER_NONNULL = YES;
				CLANG_ANALYZER_NUMBER_OBJECT_CONVERSION = YES_AGGRESSIVE;
				CLANG_CXX_LANGUAGE_STANDARD = "gnu++14";
				CLANG_CXX_LIBRARY = "libc++";
				CLANG_ENABLE_MODULES = YES;
				CLANG_ENABLE_OBJC_ARC = YES;
				CLANG_ENABLE_OBJC_WEAK = YES;
				CLANG_WARN_BLOCK_CAPTURE_AUTORELEASING = YES;
				CLANG_WARN_BOOL_CONVERSION = YES;
				CLANG_WARN_COMMA = YES;
				CLANG_WARN_CONSTANT_CONVERSION = YES;
				CLANG_WARN_DEPRECATED_OBJC_IMPLEMENTATIONS = YES;
				CLANG_WARN_DIRECT_OBJC_ISA_USAGE = YES_ERROR;
				CLANG_WARN_DOCUMENTATION_COMMENTS = YES;
				CLANG_WARN_EMPTY_BODY = YES;
				CLANG_WARN_ENUM_CONVERSION = YES;
				CLANG_WARN_INFINITE_RECURSION = YES;
				CLANG_WARN_INT_CONVERSION = YES;
				CLANG_WARN_NON_LITERAL_NULL_CONVERSION = YES;
				CLANG_WARN_OBJC_IMPLICIT_RETAIN_SELF = YES;
				CLANG_WARN_OBJC_LITERAL_CONVERSION = YES;
				CLANG_WARN_OBJC_ROOT_CLASS = YES_ERROR;
				CLANG_WARN_RANGE_LOOP_ANALYSIS = YES;
				CLANG_WARN_STRICT_PROTOTYPES = YES;
				CLANG_WARN_SUSPICIOUS_MOVE = YES;
				CLANG_WARN_UNGUARDED_AVAILABILITY = YES_AGGRESSIVE;
				CLANG_WARN_UNREACHABLE_CODE = YES;
				CLANG_WARN__DUPLICATE_METHOD_MATCH = YES;
				CODE_SIGN_IDENTITY = "iPhone Developer";
				COPY_PHASE_STRIP = NO;
				DEBUG_INFORMATION_FORMAT = dwarf;
				ENABLE_STRICT_OBJC_MSGSEND = YES;
				ENABLE_TESTABILITY = YES;
				GCC_C_LANGUAGE_STANDARD = gnu11;
				GCC_DYNAMIC_NO_PIC = NO;
				GCC_NO_COMMON_BLOCKS = YES;
				GCC_OPTIMIZATION_LEVEL = 0;
				GCC_PREPROCESSOR_DEFINITIONS = (
					"DEBUG=1",
					"$(inherited)",
				);
				GCC_WARN_64_TO_32_BIT_CONVERSION = YES;
				GCC_WARN_ABOUT_RETURN_TYPE = YES_ERROR;
				GCC_WARN_UNDECLARED_SELECTOR = YES;
				GCC_WARN_UNINITIALIZED_AUTOS = YES_AGGRESSIVE;
				GCC_WARN_UNUSED_FUNCTION = YES;
				GCC_WARN_UNUSED_VARIABLE = YES;
				IPHONEOS_DEPLOYMENT_TARGET = 12.1;
				MTL_ENABLE_DEBUG_INFO = INCLUDE_SOURCE;
				MTL_FAST_MATH = YES;
				ONLY_ACTIVE_ARCH = YES;
				SDKROOT = iphoneos;
				SWIFT_ACTIVE_COMPILATION_CONDITIONS = DEBUG;
				SWIFT_OPTIMIZATION_LEVEL = "-Onone";
			};
			name = Debug;
		};
		50C8D83F220F1D5100D09939 /* Release */ = {
			isa = XCBuildConfiguration;
			buildSettings = {
				ALWAYS_SEARCH_USER_PATHS = NO;
				CLANG_ANALYZER_NONNULL = YES;
				CLANG_ANALYZER_NUMBER_OBJECT_CONVERSION = YES_AGGRESSIVE;
				CLANG_CXX_LANGUAGE_STANDARD = "gnu++14";
				CLANG_CXX_LIBRARY = "libc++";
				CLANG_ENABLE_MODULES = YES;
				CLANG_ENABLE_OBJC_ARC = YES;
				CLANG_ENABLE_OBJC_WEAK = YES;
				CLANG_WARN_BLOCK_CAPTURE_AUTORELEASING = YES;
				CLANG_WARN_BOOL_CONVERSION = YES;
				CLANG_WARN_COMMA = YES;
				CLANG_WARN_CONSTANT_CONVERSION = YES;
				CLANG_WARN_DEPRECATED_OBJC_IMPLEMENTATIONS = YES;
				CLANG_WARN_DIRECT_OBJC_ISA_USAGE = YES_ERROR;
				CLANG_WARN_DOCUMENTATION_COMMENTS = YES;
				CLANG_WARN_EMPTY_BODY = YES;
				CLANG_WARN_ENUM_CONVERSION = YES;
				CLANG_WARN_INFINITE_RECURSION = YES;
				CLANG_WARN_INT_CONVERSION = YES;
				CLANG_WARN_NON_LITERAL_NULL_CONVERSION = YES;
				CLANG_WARN_OBJC_IMPLICIT_RETAIN_SELF = YES;
				CLANG_WARN_OBJC_LITERAL_CONVERSION = YES;
				CLANG_WARN_OBJC_ROOT_CLASS = YES_ERROR;
				CLANG_WARN_RANGE_LOOP_ANALYSIS = YES;
				CLANG_WARN_STRICT_PROTOTYPES = YES;
				CLANG_WARN_SUSPICIOUS_MOVE = YES;
				CLANG_WARN_UNGUARDED_AVAILABILITY = YES_AGGRESSIVE;
				CLANG_WARN_UNREACHABLE_CODE = YES;
				CLANG_WARN__DUPLICATE_METHOD_MATCH = YES;
				CODE_SIGN_IDENTITY = "iPhone Developer";
				COPY_PHASE_STRIP = NO;
				DEBUG_INFORMATION_FORMAT = "dwarf-with-dsym";
				ENABLE_NS_ASSERTIONS = NO;
				ENABLE_STRICT_OBJC_MSGSEND = YES;
				GCC_C_LANGUAGE_STANDARD = gnu11;
				GCC_NO_COMMON_BLOCKS = YES;
				GCC_WARN_64_TO_32_BIT_CONVERSION = YES;
				GCC_WARN_ABOUT_RETURN_TYPE = YES_ERROR;
				GCC_WARN_UNDECLARED_SELECTOR = YES;
				GCC_WARN_UNINITIALIZED_AUTOS = YES_AGGRESSIVE;
				GCC_WARN_UNUSED_FUNCTION = YES;
				GCC_WARN_UNUSED_VARIABLE = YES;
				IPHONEOS_DEPLOYMENT_TARGET = 12.1;
				MTL_ENABLE_DEBUG_INFO = NO;
				MTL_FAST_MATH = YES;
				SDKROOT = iphoneos;
				SWIFT_COMPILATION_MODE = wholemodule;
				SWIFT_OPTIMIZATION_LEVEL = "-O";
				VALIDATE_PRODUCT = YES;
			};
			name = Release;
		};
		50C8D841220F1D5100D09939 /* Debug */ = {
			isa = XCBuildConfiguration;
			buildSettings = {
				ASSETCATALOG_COMPILER_APPICON_NAME = AppIcon;
				CODE_SIGN_STYLE = Automatic;
				DEVELOPMENT_TEAM = V85Y4GF6BG;
				INFOPLIST_FILE = surechigaiApp/Info.plist;
				LD_RUNPATH_SEARCH_PATHS = (
					"$(inherited)",
					"@executable_path/Frameworks",
				);
				PRODUCT_BUNDLE_IDENTIFIER = com.kawamura.surechigaiApp;
				PRODUCT_NAME = "$(TARGET_NAME)";
				SWIFT_VERSION = 4.2;
				TARGETED_DEVICE_FAMILY = "1,2";
			};
			name = Debug;
		};
		50C8D842220F1D5100D09939 /* Release */ = {
			isa = XCBuildConfiguration;
			buildSettings = {
				ASSETCATALOG_COMPILER_APPICON_NAME = AppIcon;
				CODE_SIGN_STYLE = Automatic;
				DEVELOPMENT_TEAM = V85Y4GF6BG;
				INFOPLIST_FILE = surechigaiApp/Info.plist;
				LD_RUNPATH_SEARCH_PATHS = (
					"$(inherited)",
					"@executable_path/Frameworks",
				);
				PRODUCT_BUNDLE_IDENTIFIER = com.kawamura.surechigaiApp;
				PRODUCT_NAME = "$(TARGET_NAME)";
				SWIFT_VERSION = 4.2;
				TARGETED_DEVICE_FAMILY = "1,2";
			};
			name = Release;
		};
		50C8D844220F1D5100D09939 /* Debug */ = {
			isa = XCBuildConfiguration;
			buildSettings = {
				ALWAYS_EMBED_SWIFT_STANDARD_LIBRARIES = YES;
				BUNDLE_LOADER = "$(TEST_HOST)";
				CODE_SIGN_STYLE = Automatic;
				DEVELOPMENT_TEAM = V85Y4GF6BG;
				INFOPLIST_FILE = surechigaiAppTests/Info.plist;
				LD_RUNPATH_SEARCH_PATHS = (
					"$(inherited)",
					"@executable_path/Frameworks",
					"@loader_path/Frameworks",
				);
				PRODUCT_BUNDLE_IDENTIFIER = com.kawamura.surechigaiAppTests;
				PRODUCT_NAME = "$(TARGET_NAME)";
				SWIFT_VERSION = 4.2;
				TARGETED_DEVICE_FAMILY = "1,2";
				TEST_HOST = "$(BUILT_PRODUCTS_DIR)/surechigaiApp.app/surechigaiApp";
			};
			name = Debug;
		};
		50C8D845220F1D5100D09939 /* Release */ = {
			isa = XCBuildConfiguration;
			buildSettings = {
				ALWAYS_EMBED_SWIFT_STANDARD_LIBRARIES = YES;
				BUNDLE_LOADER = "$(TEST_HOST)";
				CODE_SIGN_STYLE = Automatic;
				DEVELOPMENT_TEAM = V85Y4GF6BG;
				INFOPLIST_FILE = surechigaiAppTests/Info.plist;
				LD_RUNPATH_SEARCH_PATHS = (
					"$(inherited)",
					"@executable_path/Frameworks",
					"@loader_path/Frameworks",
				);
				PRODUCT_BUNDLE_IDENTIFIER = com.kawamura.surechigaiAppTests;
				PRODUCT_NAME = "$(TARGET_NAME)";
				SWIFT_VERSION = 4.2;
				TARGETED_DEVICE_FAMILY = "1,2";
				TEST_HOST = "$(BUILT_PRODUCTS_DIR)/surechigaiApp.app/surechigaiApp";
			};
			name = Release;
		};
		50C8D847220F1D5100D09939 /* Debug */ = {
			isa = XCBuildConfiguration;
			buildSettings = {
				ALWAYS_EMBED_SWIFT_STANDARD_LIBRARIES = YES;
				CODE_SIGN_STYLE = Automatic;
				DEVELOPMENT_TEAM = V85Y4GF6BG;
				INFOPLIST_FILE = surechigaiAppUITests/Info.plist;
				LD_RUNPATH_SEARCH_PATHS = (
					"$(inherited)",
					"@executable_path/Frameworks",
					"@loader_path/Frameworks",
				);
				PRODUCT_BUNDLE_IDENTIFIER = com.kawamura.surechigaiAppUITests;
				PRODUCT_NAME = "$(TARGET_NAME)";
				SWIFT_VERSION = 4.2;
				TARGETED_DEVICE_FAMILY = "1,2";
				TEST_TARGET_NAME = surechigaiApp;
			};
			name = Debug;
		};
		50C8D848220F1D5100D09939 /* Release */ = {
			isa = XCBuildConfiguration;
			buildSettings = {
				ALWAYS_EMBED_SWIFT_STANDARD_LIBRARIES = YES;
				CODE_SIGN_STYLE = Automatic;
				DEVELOPMENT_TEAM = V85Y4GF6BG;
				INFOPLIST_FILE = surechigaiAppUITests/Info.plist;
				LD_RUNPATH_SEARCH_PATHS = (
					"$(inherited)",
					"@executable_path/Frameworks",
					"@loader_path/Frameworks",
				);
				PRODUCT_BUNDLE_IDENTIFIER = com.kawamura.surechigaiAppUITests;
				PRODUCT_NAME = "$(TARGET_NAME)";
				SWIFT_VERSION = 4.2;
				TARGETED_DEVICE_FAMILY = "1,2";
				TEST_TARGET_NAME = surechigaiApp;
			};
			name = Release;
		};
/* End XCBuildConfiguration section */

/* Begin XCConfigurationList section */
		50C8D813220F1D4E00D09939 /* Build configuration list for PBXProject "surechigaiApp" */ = {
			isa = XCConfigurationList;
			buildConfigurations = (
				50C8D83E220F1D5100D09939 /* Debug */,
				50C8D83F220F1D5100D09939 /* Release */,
			);
			defaultConfigurationIsVisible = 0;
			defaultConfigurationName = Release;
		};
		50C8D840220F1D5100D09939 /* Build configuration list for PBXNativeTarget "surechigaiApp" */ = {
			isa = XCConfigurationList;
			buildConfigurations = (
				50C8D841220F1D5100D09939 /* Debug */,
				50C8D842220F1D5100D09939 /* Release */,
			);
			defaultConfigurationIsVisible = 0;
			defaultConfigurationName = Release;
		};
		50C8D843220F1D5100D09939 /* Build configuration list for PBXNativeTarget "surechigaiAppTests" */ = {
			isa = XCConfigurationList;
			buildConfigurations = (
				50C8D844220F1D5100D09939 /* Debug */,
				50C8D845220F1D5100D09939 /* Release */,
			);
			defaultConfigurationIsVisible = 0;
			defaultConfigurationName = Release;
		};
		50C8D846220F1D5100D09939 /* Build configuration list for PBXNativeTarget "surechigaiAppUITests" */ = {
			isa = XCConfigurationList;
			buildConfigurations = (
				50C8D847220F1D5100D09939 /* Debug */,
				50C8D848220F1D5100D09939 /* Release */,
			);
			defaultConfigurationIsVisible = 0;
			defaultConfigurationName = Release;
		};
/* End XCConfigurationList section */
	};
	rootObject = 50C8D810220F1D4E00D09939 /* Project object */;
}
