// !$*UTF8*$!
{
	archiveVersion = 1;
	classes = {
	};
	objectVersion = 50;
	objects = {

/* Begin PBXBuildFile section */
		03CD32FB220F4EB9006B7BCA /* Home.storyboard in Resources */ = {isa = PBXBuildFile; fileRef = 03CD32FA220F4EB9006B7BCA /* Home.storyboard */; };
		03CD32FF220F53D5006B7BCA /* Setting.storyboard in Resources */ = {isa = PBXBuildFile; fileRef = 03CD32FE220F53D5006B7BCA /* Setting.storyboard */; };
		03CD3307220F585E006B7BCA /* home_1x.png in Resources */ = {isa = PBXBuildFile; fileRef = 03CD3304220F585E006B7BCA /* home_1x.png */; };
		03CD330A220F5A65006B7BCA /* Ad_1x.png in Resources */ = {isa = PBXBuildFile; fileRef = 03CD3309220F5A65006B7BCA /* Ad_1x.png */; };
		03CD330D220F5AB7006B7BCA /* Setting_1x.png in Resources */ = {isa = PBXBuildFile; fileRef = 03CD330C220F5AB7006B7BCA /* Setting_1x.png */; };
		03CD330F220F5F05006B7BCA /* HomeViewController.swift in Sources */ = {isa = PBXBuildFile; fileRef = 03CD330E220F5F05006B7BCA /* HomeViewController.swift */; };
		321585E42218203B00E96890 /* box.png in Resources */ = {isa = PBXBuildFile; fileRef = 321585E12218203A00E96890 /* box.png */; };
		321585E52218203B00E96890 /* history.png in Resources */ = {isa = PBXBuildFile; fileRef = 321585E22218203A00E96890 /* history.png */; };
		321585E62218203B00E96890 /* prof.png in Resources */ = {isa = PBXBuildFile; fileRef = 321585E32218203B00E96890 /* prof.png */; };
		32181EC72211AA4A00655BA9 /* NotificationCreate.storyboard in Resources */ = {isa = PBXBuildFile; fileRef = 32181EC62211AA4A00655BA9 /* NotificationCreate.storyboard */; };
		32181EC92211AA6800655BA9 /* NotificationCreateViewController.swift in Sources */ = {isa = PBXBuildFile; fileRef = 32181EC82211AA6800655BA9 /* NotificationCreateViewController.swift */; };
		32181ECB2211AA9A00655BA9 /* Notification.storyboard in Resources */ = {isa = PBXBuildFile; fileRef = 32181ECA2211AA9A00655BA9 /* Notification.storyboard */; };
		32181ECD2211AAAC00655BA9 /* NotificationViewController.swift in Sources */ = {isa = PBXBuildFile; fileRef = 32181ECC2211AAAC00655BA9 /* NotificationViewController.swift */; };
		32181EDF2216D50F00655BA9 /* RegisterProfile.storyboard in Resources */ = {isa = PBXBuildFile; fileRef = 32181EDE2216D50F00655BA9 /* RegisterProfile.storyboard */; };
		32181EE12216D52F00655BA9 /* RegisterProfileViewController.swift in Sources */ = {isa = PBXBuildFile; fileRef = 32181EE02216D52F00655BA9 /* RegisterProfileViewController.swift */; };
		32181EEB2217117500655BA9 /* CarouselView.swift in Sources */ = {isa = PBXBuildFile; fileRef = 32181EEA2217117500655BA9 /* CarouselView.swift */; };
		32181EEE2217122900655BA9 /* CarouselCell.swift in Sources */ = {isa = PBXBuildFile; fileRef = 32181EEC2217122900655BA9 /* CarouselCell.swift */; };
		32181EEF2217122900655BA9 /* CarouselCell.xib in Resources */ = {isa = PBXBuildFile; fileRef = 32181EED2217122900655BA9 /* CarouselCell.xib */; };
		32181EF122171B4400655BA9 /* PagingPerCellFlowLayout.swift in Sources */ = {isa = PBXBuildFile; fileRef = 32181EF022171B4400655BA9 /* PagingPerCellFlowLayout.swift */; };
		32181EF32217A84500655BA9 /* SignUpViewController.swift in Sources */ = {isa = PBXBuildFile; fileRef = 32181EF22217A84500655BA9 /* SignUpViewController.swift */; };
		32181EF52217A85C00655BA9 /* SignUp.storyboard in Resources */ = {isa = PBXBuildFile; fileRef = 32181EF42217A85C00655BA9 /* SignUp.storyboard */; };
		32181EF82217AA0400655BA9 /* NoticeList.storyboard in Resources */ = {isa = PBXBuildFile; fileRef = 32181EF72217AA0400655BA9 /* NoticeList.storyboard */; };
		32181EFA2217AA5A00655BA9 /* NoticeListViewController.swift in Sources */ = {isa = PBXBuildFile; fileRef = 32181EF92217AA5A00655BA9 /* NoticeListViewController.swift */; };
		32EB83CD2210590B0034C094 /* GoogleService-Info.plist in Resources */ = {isa = PBXBuildFile; fileRef = 32EB83CC2210590B0034C094 /* GoogleService-Info.plist */; };
		32EB83CF22105F6C0034C094 /* LoginViewController.swift in Sources */ = {isa = PBXBuildFile; fileRef = 32EB83CE22105F6B0034C094 /* LoginViewController.swift */; };
		32EB83D122105F800034C094 /* Login.storyboard in Resources */ = {isa = PBXBuildFile; fileRef = 32EB83D022105F800034C094 /* Login.storyboard */; };
		32F612C822119649000E2C6A /* SettingTableViewController.swift in Sources */ = {isa = PBXBuildFile; fileRef = 32F612C722119649000E2C6A /* SettingTableViewController.swift */; };
		50016FC92210802800F6C6D9 /* ProfileRegistrationViewController.swift in Sources */ = {isa = PBXBuildFile; fileRef = 50016FC82210802800F6C6D9 /* ProfileRegistrationViewController.swift */; };
		50016FCB2210848400F6C6D9 /* ProfileRegistration.storyboard in Resources */ = {isa = PBXBuildFile; fileRef = 50016FCA2210848400F6C6D9 /* ProfileRegistration.storyboard */; };
		50016FD522115ACA00F6C6D9 /* CustomTextField.swift in Sources */ = {isa = PBXBuildFile; fileRef = 50016FD422115ACA00F6C6D9 /* CustomTextField.swift */; };
		50016FD722155AA700F6C6D9 /* ExchangeProfileViewController.swift in Sources */ = {isa = PBXBuildFile; fileRef = 50016FD622155AA700F6C6D9 /* ExchangeProfileViewController.swift */; };
		50016FD922155AC500F6C6D9 /* ExchangeProfile.storyboard in Resources */ = {isa = PBXBuildFile; fileRef = 50016FD822155AC500F6C6D9 /* ExchangeProfile.storyboard */; };
		50016FDD2215D52400F6C6D9 /* P2PConnectivity.swift in Sources */ = {isa = PBXBuildFile; fileRef = 50016FDC2215D52400F6C6D9 /* P2PConnectivity.swift */; };
		507FE68D2216D3C700872283 /* BLEConnectivity.swift in Sources */ = {isa = PBXBuildFile; fileRef = 507FE68C2216D3C700872283 /* BLEConnectivity.swift */; };
		50C8D81C220F1D4E00D09939 /* AppDelegate.swift in Sources */ = {isa = PBXBuildFile; fileRef = 50C8D81B220F1D4E00D09939 /* AppDelegate.swift */; };
		50C8D81E220F1D4E00D09939 /* ViewController.swift in Sources */ = {isa = PBXBuildFile; fileRef = 50C8D81D220F1D4E00D09939 /* ViewController.swift */; };
		50C8D821220F1D4E00D09939 /* Main.storyboard in Resources */ = {isa = PBXBuildFile; fileRef = 50C8D81F220F1D4E00D09939 /* Main.storyboard */; };
		50C8D823220F1D5100D09939 /* Assets.xcassets in Resources */ = {isa = PBXBuildFile; fileRef = 50C8D822220F1D5100D09939 /* Assets.xcassets */; };
		50C8D826220F1D5100D09939 /* LaunchScreen.storyboard in Resources */ = {isa = PBXBuildFile; fileRef = 50C8D824220F1D5100D09939 /* LaunchScreen.storyboard */; };
		50C8D831220F1D5100D09939 /* surechigaiAppTests.swift in Sources */ = {isa = PBXBuildFile; fileRef = 50C8D830220F1D5100D09939 /* surechigaiAppTests.swift */; };
		50C8D83C220F1D5100D09939 /* surechigaiAppUITests.swift in Sources */ = {isa = PBXBuildFile; fileRef = 50C8D83B220F1D5100D09939 /* surechigaiAppUITests.swift */; };
		50C8D84A220F502300D09939 /* Profile.swift in Sources */ = {isa = PBXBuildFile; fileRef = 50C8D849220F502300D09939 /* Profile.swift */; };
		50C8D84D220F552500D09939 /* Notification.swift in Sources */ = {isa = PBXBuildFile; fileRef = 50C8D84C220F552500D09939 /* Notification.swift */; };
		7ED2DC1C4D915D61F6EE37BB /* Pods_surechigaiAppTests.framework in Frameworks */ = {isa = PBXBuildFile; fileRef = 6A1E608E7F1FE5603E3F90E4 /* Pods_surechigaiAppTests.framework */; };
		9886D1A7A35CABD79DF9D5B6 /* Pods_surechigaiAppUITests.framework in Frameworks */ = {isa = PBXBuildFile; fileRef = DD6CA5AABD505DCE238CB80C /* Pods_surechigaiAppUITests.framework */; };
		D0DA508DFAFF3FC5982273C3 /* Pods_surechigaiApp.framework in Frameworks */ = {isa = PBXBuildFile; fileRef = E151620FD2047B8BCA409C3B /* Pods_surechigaiApp.framework */; };
/* End PBXBuildFile section */

/* Begin PBXContainerItemProxy section */
		50C8D82D220F1D5100D09939 /* PBXContainerItemProxy */ = {
			isa = PBXContainerItemProxy;
			containerPortal = 50C8D810220F1D4E00D09939 /* Project object */;
			proxyType = 1;
			remoteGlobalIDString = 50C8D817220F1D4E00D09939;
			remoteInfo = surechigaiApp;
		};
		50C8D838220F1D5100D09939 /* PBXContainerItemProxy */ = {
			isa = PBXContainerItemProxy;
			containerPortal = 50C8D810220F1D4E00D09939 /* Project object */;
			proxyType = 1;
			remoteGlobalIDString = 50C8D817220F1D4E00D09939;
			remoteInfo = surechigaiApp;
		};
/* End PBXContainerItemProxy section */

/* Begin PBXFileReference section */
		03CD32FA220F4EB9006B7BCA /* Home.storyboard */ = {isa = PBXFileReference; lastKnownFileType = file.storyboard; path = Home.storyboard; sourceTree = "<group>"; };
		03CD32FE220F53D5006B7BCA /* Setting.storyboard */ = {isa = PBXFileReference; lastKnownFileType = file.storyboard; path = Setting.storyboard; sourceTree = "<group>"; };
		03CD3304220F585E006B7BCA /* home_1x.png */ = {isa = PBXFileReference; lastKnownFileType = image.png; path = home_1x.png; sourceTree = "<group>"; };
		03CD3309220F5A65006B7BCA /* Ad_1x.png */ = {isa = PBXFileReference; lastKnownFileType = image.png; path = Ad_1x.png; sourceTree = "<group>"; };
		03CD330C220F5AB7006B7BCA /* Setting_1x.png */ = {isa = PBXFileReference; lastKnownFileType = image.png; path = Setting_1x.png; sourceTree = "<group>"; };
		03CD330E220F5F05006B7BCA /* HomeViewController.swift */ = {isa = PBXFileReference; lastKnownFileType = sourcecode.swift; path = HomeViewController.swift; sourceTree = "<group>"; };
		230CECF1F17DD003A78DB7F0 /* Pods-surechigaiAppTests.release.xcconfig */ = {isa = PBXFileReference; includeInIndex = 1; lastKnownFileType = text.xcconfig; name = "Pods-surechigaiAppTests.release.xcconfig"; path = "Pods/Target Support Files/Pods-surechigaiAppTests/Pods-surechigaiAppTests.release.xcconfig"; sourceTree = "<group>"; };
		321585E12218203A00E96890 /* box.png */ = {isa = PBXFileReference; lastKnownFileType = image.png; name = box.png; path = ../../../../Downloads/box.png; sourceTree = "<group>"; };
		321585E22218203A00E96890 /* history.png */ = {isa = PBXFileReference; lastKnownFileType = image.png; name = history.png; path = ../../../../Downloads/history.png; sourceTree = "<group>"; };
		321585E32218203B00E96890 /* prof.png */ = {isa = PBXFileReference; lastKnownFileType = image.png; name = prof.png; path = ../../../../Downloads/prof.png; sourceTree = "<group>"; };
		32181EC62211AA4A00655BA9 /* NotificationCreate.storyboard */ = {isa = PBXFileReference; lastKnownFileType = file.storyboard; path = NotificationCreate.storyboard; sourceTree = "<group>"; };
		32181EC82211AA6800655BA9 /* NotificationCreateViewController.swift */ = {isa = PBXFileReference; lastKnownFileType = sourcecode.swift; path = NotificationCreateViewController.swift; sourceTree = "<group>"; };
		32181ECA2211AA9A00655BA9 /* Notification.storyboard */ = {isa = PBXFileReference; lastKnownFileType = file.storyboard; path = Notification.storyboard; sourceTree = "<group>"; };
		32181ECC2211AAAC00655BA9 /* NotificationViewController.swift */ = {isa = PBXFileReference; lastKnownFileType = sourcecode.swift; path = NotificationViewController.swift; sourceTree = "<group>"; };
		32181EDE2216D50F00655BA9 /* RegisterProfile.storyboard */ = {isa = PBXFileReference; lastKnownFileType = file.storyboard; path = RegisterProfile.storyboard; sourceTree = "<group>"; };
		32181EE02216D52F00655BA9 /* RegisterProfileViewController.swift */ = {isa = PBXFileReference; lastKnownFileType = sourcecode.swift; path = RegisterProfileViewController.swift; sourceTree = "<group>"; };
		32181EEA2217117500655BA9 /* CarouselView.swift */ = {isa = PBXFileReference; lastKnownFileType = sourcecode.swift; path = CarouselView.swift; sourceTree = "<group>"; };
		32181EEC2217122900655BA9 /* CarouselCell.swift */ = {isa = PBXFileReference; lastKnownFileType = sourcecode.swift; path = CarouselCell.swift; sourceTree = "<group>"; };
		32181EED2217122900655BA9 /* CarouselCell.xib */ = {isa = PBXFileReference; lastKnownFileType = file.xib; path = CarouselCell.xib; sourceTree = "<group>"; };
		32181EF022171B4400655BA9 /* PagingPerCellFlowLayout.swift */ = {isa = PBXFileReference; lastKnownFileType = sourcecode.swift; path = PagingPerCellFlowLayout.swift; sourceTree = "<group>"; };
		32181EF22217A84500655BA9 /* SignUpViewController.swift */ = {isa = PBXFileReference; fileEncoding = 4; lastKnownFileType = sourcecode.swift; path = SignUpViewController.swift; sourceTree = "<group>"; };
		32181EF42217A85C00655BA9 /* SignUp.storyboard */ = {isa = PBXFileReference; fileEncoding = 4; lastKnownFileType = file.storyboard; path = SignUp.storyboard; sourceTree = "<group>"; };
		32181EF72217AA0400655BA9 /* NoticeList.storyboard */ = {isa = PBXFileReference; lastKnownFileType = file.storyboard; path = NoticeList.storyboard; sourceTree = "<group>"; };
		32181EF92217AA5A00655BA9 /* NoticeListViewController.swift */ = {isa = PBXFileReference; lastKnownFileType = sourcecode.swift; path = NoticeListViewController.swift; sourceTree = "<group>"; };
		32EB83CC2210590B0034C094 /* GoogleService-Info.plist */ = {isa = PBXFileReference; fileEncoding = 4; lastKnownFileType = text.plist.xml; path = "GoogleService-Info.plist"; sourceTree = "<group>"; };
		32EB83CE22105F6B0034C094 /* LoginViewController.swift */ = {isa = PBXFileReference; lastKnownFileType = sourcecode.swift; path = LoginViewController.swift; sourceTree = "<group>"; };
		32EB83D022105F800034C094 /* Login.storyboard */ = {isa = PBXFileReference; lastKnownFileType = file.storyboard; path = Login.storyboard; sourceTree = "<group>"; };
		32F612C722119649000E2C6A /* SettingTableViewController.swift */ = {isa = PBXFileReference; lastKnownFileType = sourcecode.swift; path = SettingTableViewController.swift; sourceTree = "<group>"; };
		50016FC82210802800F6C6D9 /* ProfileRegistrationViewController.swift */ = {isa = PBXFileReference; fileEncoding = 4; lastKnownFileType = sourcecode.swift; path = ProfileRegistrationViewController.swift; sourceTree = "<group>"; };
		50016FCA2210848400F6C6D9 /* ProfileRegistration.storyboard */ = {isa = PBXFileReference; lastKnownFileType = file.storyboard; path = ProfileRegistration.storyboard; sourceTree = "<group>"; };
		50016FD422115ACA00F6C6D9 /* CustomTextField.swift */ = {isa = PBXFileReference; fileEncoding = 4; lastKnownFileType = sourcecode.swift; path = CustomTextField.swift; sourceTree = "<group>"; };
		50016FD622155AA700F6C6D9 /* ExchangeProfileViewController.swift */ = {isa = PBXFileReference; lastKnownFileType = sourcecode.swift; path = ExchangeProfileViewController.swift; sourceTree = "<group>"; };
		50016FD822155AC500F6C6D9 /* ExchangeProfile.storyboard */ = {isa = PBXFileReference; lastKnownFileType = file.storyboard; path = ExchangeProfile.storyboard; sourceTree = "<group>"; };
		50016FDC2215D52400F6C6D9 /* P2PConnectivity.swift */ = {isa = PBXFileReference; fileEncoding = 4; lastKnownFileType = sourcecode.swift; path = P2PConnectivity.swift; sourceTree = "<group>"; };
		507FE68C2216D3C700872283 /* BLEConnectivity.swift */ = {isa = PBXFileReference; lastKnownFileType = sourcecode.swift; path = BLEConnectivity.swift; sourceTree = "<group>"; };
		50C8D818220F1D4E00D09939 /* surechigaiApp.app */ = {isa = PBXFileReference; explicitFileType = wrapper.application; includeInIndex = 0; path = surechigaiApp.app; sourceTree = BUILT_PRODUCTS_DIR; };
		50C8D81B220F1D4E00D09939 /* AppDelegate.swift */ = {isa = PBXFileReference; lastKnownFileType = sourcecode.swift; path = AppDelegate.swift; sourceTree = "<group>"; };
		50C8D81D220F1D4E00D09939 /* ViewController.swift */ = {isa = PBXFileReference; lastKnownFileType = sourcecode.swift; path = ViewController.swift; sourceTree = "<group>"; };
		50C8D820220F1D4E00D09939 /* Base */ = {isa = PBXFileReference; lastKnownFileType = file.storyboard; name = Base; path = Base.lproj/Main.storyboard; sourceTree = "<group>"; };
		50C8D822220F1D5100D09939 /* Assets.xcassets */ = {isa = PBXFileReference; lastKnownFileType = folder.assetcatalog; path = Assets.xcassets; sourceTree = "<group>"; };
		50C8D825220F1D5100D09939 /* Base */ = {isa = PBXFileReference; lastKnownFileType = file.storyboard; name = Base; path = Base.lproj/LaunchScreen.storyboard; sourceTree = "<group>"; };
		50C8D827220F1D5100D09939 /* Info.plist */ = {isa = PBXFileReference; lastKnownFileType = text.plist.xml; path = Info.plist; sourceTree = "<group>"; };
		50C8D82C220F1D5100D09939 /* surechigaiAppTests.xctest */ = {isa = PBXFileReference; explicitFileType = wrapper.cfbundle; includeInIndex = 0; path = surechigaiAppTests.xctest; sourceTree = BUILT_PRODUCTS_DIR; };
		50C8D830220F1D5100D09939 /* surechigaiAppTests.swift */ = {isa = PBXFileReference; lastKnownFileType = sourcecode.swift; path = surechigaiAppTests.swift; sourceTree = "<group>"; };
		50C8D832220F1D5100D09939 /* Info.plist */ = {isa = PBXFileReference; lastKnownFileType = text.plist.xml; path = Info.plist; sourceTree = "<group>"; };
		50C8D837220F1D5100D09939 /* surechigaiAppUITests.xctest */ = {isa = PBXFileReference; explicitFileType = wrapper.cfbundle; includeInIndex = 0; path = surechigaiAppUITests.xctest; sourceTree = BUILT_PRODUCTS_DIR; };
		50C8D83B220F1D5100D09939 /* surechigaiAppUITests.swift */ = {isa = PBXFileReference; lastKnownFileType = sourcecode.swift; path = surechigaiAppUITests.swift; sourceTree = "<group>"; };
		50C8D83D220F1D5100D09939 /* Info.plist */ = {isa = PBXFileReference; lastKnownFileType = text.plist.xml; path = Info.plist; sourceTree = "<group>"; };
		50C8D849220F502300D09939 /* Profile.swift */ = {isa = PBXFileReference; lastKnownFileType = sourcecode.swift; path = Profile.swift; sourceTree = "<group>"; };
		50C8D84C220F552500D09939 /* Notification.swift */ = {isa = PBXFileReference; lastKnownFileType = sourcecode.swift; path = Notification.swift; sourceTree = "<group>"; };
		5FF24996FA45D46137A9335C /* Pods-surechigaiAppUITests.debug.xcconfig */ = {isa = PBXFileReference; includeInIndex = 1; lastKnownFileType = text.xcconfig; name = "Pods-surechigaiAppUITests.debug.xcconfig"; path = "Pods/Target Support Files/Pods-surechigaiAppUITests/Pods-surechigaiAppUITests.debug.xcconfig"; sourceTree = "<group>"; };
		6A1E608E7F1FE5603E3F90E4 /* Pods_surechigaiAppTests.framework */ = {isa = PBXFileReference; explicitFileType = wrapper.framework; includeInIndex = 0; path = Pods_surechigaiAppTests.framework; sourceTree = BUILT_PRODUCTS_DIR; };
		76D133AD315419E2303283FF /* Pods-surechigaiAppUITests.release.xcconfig */ = {isa = PBXFileReference; includeInIndex = 1; lastKnownFileType = text.xcconfig; name = "Pods-surechigaiAppUITests.release.xcconfig"; path = "Pods/Target Support Files/Pods-surechigaiAppUITests/Pods-surechigaiAppUITests.release.xcconfig"; sourceTree = "<group>"; };
		B2EF7FBD5D623B7B15AAE220 /* Pods-surechigaiApp.release.xcconfig */ = {isa = PBXFileReference; includeInIndex = 1; lastKnownFileType = text.xcconfig; name = "Pods-surechigaiApp.release.xcconfig"; path = "Pods/Target Support Files/Pods-surechigaiApp/Pods-surechigaiApp.release.xcconfig"; sourceTree = "<group>"; };
		B8FEA189B89CF96EDB41EDB3 /* Pods-surechigaiAppTests.debug.xcconfig */ = {isa = PBXFileReference; includeInIndex = 1; lastKnownFileType = text.xcconfig; name = "Pods-surechigaiAppTests.debug.xcconfig"; path = "Pods/Target Support Files/Pods-surechigaiAppTests/Pods-surechigaiAppTests.debug.xcconfig"; sourceTree = "<group>"; };
		C6C9851AC9DED6234261731D /* Pods-surechigaiApp.debug.xcconfig */ = {isa = PBXFileReference; includeInIndex = 1; lastKnownFileType = text.xcconfig; name = "Pods-surechigaiApp.debug.xcconfig"; path = "Pods/Target Support Files/Pods-surechigaiApp/Pods-surechigaiApp.debug.xcconfig"; sourceTree = "<group>"; };
		DD6CA5AABD505DCE238CB80C /* Pods_surechigaiAppUITests.framework */ = {isa = PBXFileReference; explicitFileType = wrapper.framework; includeInIndex = 0; path = Pods_surechigaiAppUITests.framework; sourceTree = BUILT_PRODUCTS_DIR; };
		E151620FD2047B8BCA409C3B /* Pods_surechigaiApp.framework */ = {isa = PBXFileReference; explicitFileType = wrapper.framework; includeInIndex = 0; path = Pods_surechigaiApp.framework; sourceTree = BUILT_PRODUCTS_DIR; };
/* End PBXFileReference section */

/* Begin PBXFrameworksBuildPhase section */
		50C8D815220F1D4E00D09939 /* Frameworks */ = {
			isa = PBXFrameworksBuildPhase;
			buildActionMask = 2147483647;
			files = (
				D0DA508DFAFF3FC5982273C3 /* Pods_surechigaiApp.framework in Frameworks */,
			);
			runOnlyForDeploymentPostprocessing = 0;
		};
		50C8D829220F1D5100D09939 /* Frameworks */ = {
			isa = PBXFrameworksBuildPhase;
			buildActionMask = 2147483647;
			files = (
				7ED2DC1C4D915D61F6EE37BB /* Pods_surechigaiAppTests.framework in Frameworks */,
			);
			runOnlyForDeploymentPostprocessing = 0;
		};
		50C8D834220F1D5100D09939 /* Frameworks */ = {
			isa = PBXFrameworksBuildPhase;
			buildActionMask = 2147483647;
			files = (
				9886D1A7A35CABD79DF9D5B6 /* Pods_surechigaiAppUITests.framework in Frameworks */,
			);
			runOnlyForDeploymentPostprocessing = 0;
		};
/* End PBXFrameworksBuildPhase section */

/* Begin PBXGroup section */
		03CD3300220F585E006B7BCA /* TabIcon */ = {
			isa = PBXGroup;
			children = (
				03CD330B220F5AB7006B7BCA /* Setting */,
				03CD3308220F5A65006B7BCA /* Advertisement */,
				03CD3301220F585E006B7BCA /* Home */,
			);
			path = TabIcon;
			sourceTree = "<group>";
		};
		03CD3301220F585E006B7BCA /* Home */ = {
			isa = PBXGroup;
			children = (
				03CD3304220F585E006B7BCA /* home_1x.png */,
			);
			path = Home;
			sourceTree = "<group>";
		};
		03CD3308220F5A65006B7BCA /* Advertisement */ = {
			isa = PBXGroup;
			children = (
				03CD3309220F5A65006B7BCA /* Ad_1x.png */,
			);
			path = Advertisement;
			sourceTree = "<group>";
		};
		03CD330B220F5AB7006B7BCA /* Setting */ = {
			isa = PBXGroup;
			children = (
				03CD330C220F5AB7006B7BCA /* Setting_1x.png */,
			);
			path = Setting;
			sourceTree = "<group>";
		};
		321585E02218202900E96890 /* image */ = {
			isa = PBXGroup;
			children = (
				321585E12218203A00E96890 /* box.png */,
				321585E22218203A00E96890 /* history.png */,
				321585E32218203B00E96890 /* prof.png */,
			);
			path = image;
			sourceTree = "<group>";
		};
		49894DFB1A86D8B4817CCFF7 /* Pods */ = {
			isa = PBXGroup;
			children = (
				C6C9851AC9DED6234261731D /* Pods-surechigaiApp.debug.xcconfig */,
				B2EF7FBD5D623B7B15AAE220 /* Pods-surechigaiApp.release.xcconfig */,
				B8FEA189B89CF96EDB41EDB3 /* Pods-surechigaiAppTests.debug.xcconfig */,
				230CECF1F17DD003A78DB7F0 /* Pods-surechigaiAppTests.release.xcconfig */,
				5FF24996FA45D46137A9335C /* Pods-surechigaiAppUITests.debug.xcconfig */,
				76D133AD315419E2303283FF /* Pods-surechigaiAppUITests.release.xcconfig */,
			);
			name = Pods;
			sourceTree = "<group>";
		};
		50C8D80F220F1D4E00D09939 = {
			isa = PBXGroup;
			children = (
				50C8D81A220F1D4E00D09939 /* surechigaiApp */,
				50C8D82F220F1D5100D09939 /* surechigaiAppTests */,
				50C8D83A220F1D5100D09939 /* surechigaiAppUITests */,
				50C8D819220F1D4E00D09939 /* Products */,
				49894DFB1A86D8B4817CCFF7 /* Pods */,
				736570FAFB644F31832A5410 /* Frameworks */,
			);
			sourceTree = "<group>";
		};
		50C8D819220F1D4E00D09939 /* Products */ = {
			isa = PBXGroup;
			children = (
				50C8D818220F1D4E00D09939 /* surechigaiApp.app */,
				50C8D82C220F1D5100D09939 /* surechigaiAppTests.xctest */,
				50C8D837220F1D5100D09939 /* surechigaiAppUITests.xctest */,
			);
			name = Products;
			sourceTree = "<group>";
		};
		50C8D81A220F1D4E00D09939 /* surechigaiApp */ = {
			isa = PBXGroup;
			children = (
				321585E02218202900E96890 /* image */,
				32181EF42217A85C00655BA9 /* SignUp.storyboard */,
				32181EF22217A84500655BA9 /* SignUpViewController.swift */,
				50C8D84B220F502B00D09939 /* Model */,
				50016FDC2215D52400F6C6D9 /* P2PConnectivity.swift */,
				507FE68C2216D3C700872283 /* BLEConnectivity.swift */,
				50016FD422115ACA00F6C6D9 /* CustomTextField.swift */,
				50C8D81B220F1D4E00D09939 /* AppDelegate.swift */,
				50C8D81D220F1D4E00D09939 /* ViewController.swift */,
				50016FC82210802800F6C6D9 /* ProfileRegistrationViewController.swift */,
				03CD330E220F5F05006B7BCA /* HomeViewController.swift */,
				50016FD622155AA700F6C6D9 /* ExchangeProfileViewController.swift */,
				32181ECC2211AAAC00655BA9 /* NotificationViewController.swift */,
				32181EC82211AA6800655BA9 /* NotificationCreateViewController.swift */,
				32F612C722119649000E2C6A /* SettingTableViewController.swift */,
				32EB83CE22105F6B0034C094 /* LoginViewController.swift */,
				50C8D81F220F1D4E00D09939 /* Main.storyboard */,
				50016FCA2210848400F6C6D9 /* ProfileRegistration.storyboard */,
				03CD32FA220F4EB9006B7BCA /* Home.storyboard */,
				50016FD822155AC500F6C6D9 /* ExchangeProfile.storyboard */,
				32181ECA2211AA9A00655BA9 /* Notification.storyboard */,
				32181EC62211AA4A00655BA9 /* NotificationCreate.storyboard */,
				03CD32FE220F53D5006B7BCA /* Setting.storyboard */,
				32EB83D022105F800034C094 /* Login.storyboard */,
				50C8D822220F1D5100D09939 /* Assets.xcassets */,
				03CD3300220F585E006B7BCA /* TabIcon */,
				50C8D824220F1D5100D09939 /* LaunchScreen.storyboard */,
				50C8D827220F1D5100D09939 /* Info.plist */,
				32EB83CC2210590B0034C094 /* GoogleService-Info.plist */,
				32181EDE2216D50F00655BA9 /* RegisterProfile.storyboard */,
				32181EE02216D52F00655BA9 /* RegisterProfileViewController.swift */,
				32181EEA2217117500655BA9 /* CarouselView.swift */,
				32181EEC2217122900655BA9 /* CarouselCell.swift */,
				32181EED2217122900655BA9 /* CarouselCell.xib */,
				32181EF022171B4400655BA9 /* PagingPerCellFlowLayout.swift */,
				32181EF72217AA0400655BA9 /* NoticeList.storyboard */,
				32181EF92217AA5A00655BA9 /* NoticeListViewController.swift */,
			);
			path = surechigaiApp;
			sourceTree = "<group>";
		};
		50C8D82F220F1D5100D09939 /* surechigaiAppTests */ = {
			isa = PBXGroup;
			children = (
				50C8D830220F1D5100D09939 /* surechigaiAppTests.swift */,
				50C8D832220F1D5100D09939 /* Info.plist */,
			);
			path = surechigaiAppTests;
			sourceTree = "<group>";
		};
		50C8D83A220F1D5100D09939 /* surechigaiAppUITests */ = {
			isa = PBXGroup;
			children = (
				50C8D83B220F1D5100D09939 /* surechigaiAppUITests.swift */,
				50C8D83D220F1D5100D09939 /* Info.plist */,
			);
			path = surechigaiAppUITests;
			sourceTree = "<group>";
		};
		50C8D84B220F502B00D09939 /* Model */ = {
			isa = PBXGroup;
			children = (
				50C8D849220F502300D09939 /* Profile.swift */,
				50C8D84C220F552500D09939 /* Notification.swift */,
			);
			path = Model;
			sourceTree = "<group>";
		};
		736570FAFB644F31832A5410 /* Frameworks */ = {
			isa = PBXGroup;
			children = (
				E151620FD2047B8BCA409C3B /* Pods_surechigaiApp.framework */,
				6A1E608E7F1FE5603E3F90E4 /* Pods_surechigaiAppTests.framework */,
				DD6CA5AABD505DCE238CB80C /* Pods_surechigaiAppUITests.framework */,
			);
			name = Frameworks;
			sourceTree = "<group>";
		};
/* End PBXGroup section */

/* Begin PBXNativeTarget section */
		50C8D817220F1D4E00D09939 /* surechigaiApp */ = {
			isa = PBXNativeTarget;
			buildConfigurationList = 50C8D840220F1D5100D09939 /* Build configuration list for PBXNativeTarget "surechigaiApp" */;
			buildPhases = (
				06ADB7659945BDA59E4301C8 /* [CP] Check Pods Manifest.lock */,
				50C8D814220F1D4E00D09939 /* Sources */,
				50C8D815220F1D4E00D09939 /* Frameworks */,
				50C8D816220F1D4E00D09939 /* Resources */,
				50AE5F58C89796899700D779 /* [CP] Embed Pods Frameworks */,
				8CD78064AEBF744A7AD8A846 /* [CP] Copy Pods Resources */,
			);
			buildRules = (
			);
			dependencies = (
			);
			name = surechigaiApp;
			productName = surechigaiApp;
			productReference = 50C8D818220F1D4E00D09939 /* surechigaiApp.app */;
			productType = "com.apple.product-type.application";
		};
		50C8D82B220F1D5100D09939 /* surechigaiAppTests */ = {
			isa = PBXNativeTarget;
			buildConfigurationList = 50C8D843220F1D5100D09939 /* Build configuration list for PBXNativeTarget "surechigaiAppTests" */;
			buildPhases = (
				262A8E50FD9CEA3D0D030708 /* [CP] Check Pods Manifest.lock */,
				50C8D828220F1D5100D09939 /* Sources */,
				50C8D829220F1D5100D09939 /* Frameworks */,
				50C8D82A220F1D5100D09939 /* Resources */,
			);
			buildRules = (
			);
			dependencies = (
				50C8D82E220F1D5100D09939 /* PBXTargetDependency */,
			);
			name = surechigaiAppTests;
			productName = surechigaiAppTests;
			productReference = 50C8D82C220F1D5100D09939 /* surechigaiAppTests.xctest */;
			productType = "com.apple.product-type.bundle.unit-test";
		};
		50C8D836220F1D5100D09939 /* surechigaiAppUITests */ = {
			isa = PBXNativeTarget;
			buildConfigurationList = 50C8D846220F1D5100D09939 /* Build configuration list for PBXNativeTarget "surechigaiAppUITests" */;
			buildPhases = (
				DE9C036D51466170F664EFA1 /* [CP] Check Pods Manifest.lock */,
				50C8D833220F1D5100D09939 /* Sources */,
				50C8D834220F1D5100D09939 /* Frameworks */,
				50C8D835220F1D5100D09939 /* Resources */,
			);
			buildRules = (
			);
			dependencies = (
				50C8D839220F1D5100D09939 /* PBXTargetDependency */,
			);
			name = surechigaiAppUITests;
			productName = surechigaiAppUITests;
			productReference = 50C8D837220F1D5100D09939 /* surechigaiAppUITests.xctest */;
			productType = "com.apple.product-type.bundle.ui-testing";
		};
/* End PBXNativeTarget section */

/* Begin PBXProject section */
		50C8D810220F1D4E00D09939 /* Project object */ = {
			isa = PBXProject;
			attributes = {
				LastSwiftUpdateCheck = 1010;
				LastUpgradeCheck = 1010;
				ORGANIZATIONNAME = "川村周也";
				TargetAttributes = {
					50C8D817220F1D4E00D09939 = {
						CreatedOnToolsVersion = 10.1;
						SystemCapabilities = {
							com.apple.BackgroundModes = {
								enabled = 1;
							};
						};
					};
					50C8D82B220F1D5100D09939 = {
						CreatedOnToolsVersion = 10.1;
						TestTargetID = 50C8D817220F1D4E00D09939;
					};
					50C8D836220F1D5100D09939 = {
						CreatedOnToolsVersion = 10.1;
						TestTargetID = 50C8D817220F1D4E00D09939;
					};
				};
			};
			buildConfigurationList = 50C8D813220F1D4E00D09939 /* Build configuration list for PBXProject "surechigaiApp" */;
			compatibilityVersion = "Xcode 9.3";
			developmentRegion = en;
			hasScannedForEncodings = 0;
			knownRegions = (
				en,
				Base,
			);
			mainGroup = 50C8D80F220F1D4E00D09939;
			productRefGroup = 50C8D819220F1D4E00D09939 /* Products */;
			projectDirPath = "";
			projectRoot = "";
			targets = (
				50C8D817220F1D4E00D09939 /* surechigaiApp */,
				50C8D82B220F1D5100D09939 /* surechigaiAppTests */,
				50C8D836220F1D5100D09939 /* surechigaiAppUITests */,
			);
		};
/* End PBXProject section */

/* Begin PBXResourcesBuildPhase section */
		50C8D816220F1D4E00D09939 /* Resources */ = {
			isa = PBXResourcesBuildPhase;
			buildActionMask = 2147483647;
			files = (
				321585E42218203B00E96890 /* box.png in Resources */,
				50C8D826220F1D5100D09939 /* LaunchScreen.storyboard in Resources */,
				03CD330D220F5AB7006B7BCA /* Setting_1x.png in Resources */,
				50C8D823220F1D5100D09939 /* Assets.xcassets in Resources */,
				32181EDF2216D50F00655BA9 /* RegisterProfile.storyboard in Resources */,
				03CD3307220F585E006B7BCA /* home_1x.png in Resources */,
				50C8D821220F1D4E00D09939 /* Main.storyboard in Resources */,
				32181EF82217AA0400655BA9 /* NoticeList.storyboard in Resources */,
				32181EEF2217122900655BA9 /* CarouselCell.xib in Resources */,
				03CD32FB220F4EB9006B7BCA /* Home.storyboard in Resources */,
				32181EF52217A85C00655BA9 /* SignUp.storyboard in Resources */,
				32EB83CD2210590B0034C094 /* GoogleService-Info.plist in Resources */,
				321585E52218203B00E96890 /* history.png in Resources */,
				03CD32FF220F53D5006B7BCA /* Setting.storyboard in Resources */,
				50016FCB2210848400F6C6D9 /* ProfileRegistration.storyboard in Resources */,
				32181EC72211AA4A00655BA9 /* NotificationCreate.storyboard in Resources */,
				03CD330A220F5A65006B7BCA /* Ad_1x.png in Resources */,
				32EB83D122105F800034C094 /* Login.storyboard in Resources */,
				32181ECB2211AA9A00655BA9 /* Notification.storyboard in Resources */,
				50016FD922155AC500F6C6D9 /* ExchangeProfile.storyboard in Resources */,
				321585E62218203B00E96890 /* prof.png in Resources */,
			);
			runOnlyForDeploymentPostprocessing = 0;
		};
		50C8D82A220F1D5100D09939 /* Resources */ = {
			isa = PBXResourcesBuildPhase;
			buildActionMask = 2147483647;
			files = (
			);
			runOnlyForDeploymentPostprocessing = 0;
		};
		50C8D835220F1D5100D09939 /* Resources */ = {
			isa = PBXResourcesBuildPhase;
			buildActionMask = 2147483647;
			files = (
			);
			runOnlyForDeploymentPostprocessing = 0;
		};
/* End PBXResourcesBuildPhase section */

/* Begin PBXShellScriptBuildPhase section */
		06ADB7659945BDA59E4301C8 /* [CP] Check Pods Manifest.lock */ = {
			isa = PBXShellScriptBuildPhase;
			buildActionMask = 2147483647;
			files = (
			);
			inputFileListPaths = (
			);
			inputPaths = (
				"${PODS_PODFILE_DIR_PATH}/Podfile.lock",
				"${PODS_ROOT}/Manifest.lock",
			);
			name = "[CP] Check Pods Manifest.lock";
			outputFileListPaths = (
			);
			outputPaths = (
				"$(DERIVED_FILE_DIR)/Pods-surechigaiApp-checkManifestLockResult.txt",
			);
			runOnlyForDeploymentPostprocessing = 0;
			shellPath = /bin/sh;
			shellScript = "diff \"${PODS_PODFILE_DIR_PATH}/Podfile.lock\" \"${PODS_ROOT}/Manifest.lock\" > /dev/null\nif [ $? != 0 ] ; then\n    # print error to STDERR\n    echo \"error: The sandbox is not in sync with the Podfile.lock. Run 'pod install' or update your CocoaPods installation.\" >&2\n    exit 1\nfi\n# This output is used by Xcode 'outputs' to avoid re-running this script phase.\necho \"SUCCESS\" > \"${SCRIPT_OUTPUT_FILE_0}\"\n";
			showEnvVarsInLog = 0;
		};
		262A8E50FD9CEA3D0D030708 /* [CP] Check Pods Manifest.lock */ = {
			isa = PBXShellScriptBuildPhase;
			buildActionMask = 2147483647;
			files = (
			);
			inputFileListPaths = (
			);
			inputPaths = (
				"${PODS_PODFILE_DIR_PATH}/Podfile.lock",
				"${PODS_ROOT}/Manifest.lock",
			);
			name = "[CP] Check Pods Manifest.lock";
			outputFileListPaths = (
			);
			outputPaths = (
				"$(DERIVED_FILE_DIR)/Pods-surechigaiAppTests-checkManifestLockResult.txt",
			);
			runOnlyForDeploymentPostprocessing = 0;
			shellPath = /bin/sh;
			shellScript = "diff \"${PODS_PODFILE_DIR_PATH}/Podfile.lock\" \"${PODS_ROOT}/Manifest.lock\" > /dev/null\nif [ $? != 0 ] ; then\n    # print error to STDERR\n    echo \"error: The sandbox is not in sync with the Podfile.lock. Run 'pod install' or update your CocoaPods installation.\" >&2\n    exit 1\nfi\n# This output is used by Xcode 'outputs' to avoid re-running this script phase.\necho \"SUCCESS\" > \"${SCRIPT_OUTPUT_FILE_0}\"\n";
			showEnvVarsInLog = 0;
		};
		50AE5F58C89796899700D779 /* [CP] Embed Pods Frameworks */ = {
			isa = PBXShellScriptBuildPhase;
			buildActionMask = 2147483647;
			files = (
			);
			inputFileListPaths = (
			);
			inputPaths = (
				"${SRCROOT}/Pods/Target Support Files/Pods-surechigaiApp/Pods-surechigaiApp-frameworks.sh",
				"${BUILT_PRODUCTS_DIR}/Bolts/Bolts.framework",
				"${BUILT_PRODUCTS_DIR}/BoringSSL-GRPC/openssl_grpc.framework",
				"${BUILT_PRODUCTS_DIR}/FBSDKCoreKit/FBSDKCoreKit.framework",
				"${BUILT_PRODUCTS_DIR}/FBSDKLoginKit/FBSDKLoginKit.framework",
				"${BUILT_PRODUCTS_DIR}/GTMSessionFetcher/GTMSessionFetcher.framework",
				"${BUILT_PRODUCTS_DIR}/GoogleToolboxForMac/GoogleToolboxForMac.framework",
				"${BUILT_PRODUCTS_DIR}/GoogleUtilities/GoogleUtilities.framework",
				"${BUILT_PRODUCTS_DIR}/Protobuf/Protobuf.framework",
				"${BUILT_PRODUCTS_DIR}/Realm/Realm.framework",
				"${BUILT_PRODUCTS_DIR}/RealmSwift/RealmSwift.framework",
				"${BUILT_PRODUCTS_DIR}/SDWebImage/SDWebImage.framework",
				"${PODS_ROOT}/TwitterCore/iOS/TwitterCore.framework",
				"${PODS_ROOT}/TwitterKit/iOS/TwitterKit.framework",
				"${BUILT_PRODUCTS_DIR}/gRPC-C++/grpcpp.framework",
				"${BUILT_PRODUCTS_DIR}/gRPC-Core/grpc.framework",
				"${BUILT_PRODUCTS_DIR}/leveldb-library/leveldb.framework",
				"${BUILT_PRODUCTS_DIR}/nanopb/nanopb.framework",
			);
			name = "[CP] Embed Pods Frameworks";
			outputFileListPaths = (
			);
			outputPaths = (
				"${TARGET_BUILD_DIR}/${FRAMEWORKS_FOLDER_PATH}/Bolts.framework",
				"${TARGET_BUILD_DIR}/${FRAMEWORKS_FOLDER_PATH}/openssl_grpc.framework",
				"${TARGET_BUILD_DIR}/${FRAMEWORKS_FOLDER_PATH}/FBSDKCoreKit.framework",
				"${TARGET_BUILD_DIR}/${FRAMEWORKS_FOLDER_PATH}/FBSDKLoginKit.framework",
				"${TARGET_BUILD_DIR}/${FRAMEWORKS_FOLDER_PATH}/GTMSessionFetcher.framework",
				"${TARGET_BUILD_DIR}/${FRAMEWORKS_FOLDER_PATH}/GoogleToolboxForMac.framework",
				"${TARGET_BUILD_DIR}/${FRAMEWORKS_FOLDER_PATH}/GoogleUtilities.framework",
				"${TARGET_BUILD_DIR}/${FRAMEWORKS_FOLDER_PATH}/Protobuf.framework",
				"${TARGET_BUILD_DIR}/${FRAMEWORKS_FOLDER_PATH}/Realm.framework",
				"${TARGET_BUILD_DIR}/${FRAMEWORKS_FOLDER_PATH}/RealmSwift.framework",
				"${TARGET_BUILD_DIR}/${FRAMEWORKS_FOLDER_PATH}/SDWebImage.framework",
				"${TARGET_BUILD_DIR}/${FRAMEWORKS_FOLDER_PATH}/TwitterCore.framework",
				"${TARGET_BUILD_DIR}/${FRAMEWORKS_FOLDER_PATH}/TwitterKit.framework",
				"${TARGET_BUILD_DIR}/${FRAMEWORKS_FOLDER_PATH}/grpcpp.framework",
				"${TARGET_BUILD_DIR}/${FRAMEWORKS_FOLDER_PATH}/grpc.framework",
				"${TARGET_BUILD_DIR}/${FRAMEWORKS_FOLDER_PATH}/leveldb.framework",
				"${TARGET_BUILD_DIR}/${FRAMEWORKS_FOLDER_PATH}/nanopb.framework",
			);
			runOnlyForDeploymentPostprocessing = 0;
			shellPath = /bin/sh;
			shellScript = "\"${SRCROOT}/Pods/Target Support Files/Pods-surechigaiApp/Pods-surechigaiApp-frameworks.sh\"\n";
			showEnvVarsInLog = 0;
		};
		8CD78064AEBF744A7AD8A846 /* [CP] Copy Pods Resources */ = {
			isa = PBXShellScriptBuildPhase;
			buildActionMask = 2147483647;
			files = (
			);
			inputFileListPaths = (
			);
			inputPaths = (
				"${SRCROOT}/Pods/Target Support Files/Pods-surechigaiApp/Pods-surechigaiApp-resources.sh",
				"${PODS_CONFIGURATION_BUILD_DIR}/FirebaseUI/FirebaseAnonymousAuthUI.bundle",
				"${PODS_CONFIGURATION_BUILD_DIR}/FirebaseUI/FirebaseAuthUI.bundle",
				"${PODS_CONFIGURATION_BUILD_DIR}/FirebaseUI/FirebaseEmailAuthUI.bundle",
				"${PODS_CONFIGURATION_BUILD_DIR}/FirebaseUI/FirebaseFacebookAuthUI.bundle",
				"${PODS_CONFIGURATION_BUILD_DIR}/FirebaseUI/FirebaseGoogleAuthUI.bundle",
				"${PODS_CONFIGURATION_BUILD_DIR}/FirebaseUI/FirebasePhoneAuthUI.bundle",
				"${PODS_CONFIGURATION_BUILD_DIR}/FirebaseUI/FirebaseTwitterAuthUI.bundle",
				"${PODS_ROOT}/GoogleSignIn/Resources/GoogleSignIn.bundle",
				"${PODS_ROOT}/TwitterKit/iOS/TwitterKit.framework/TwitterKitResources.bundle",
			);
			name = "[CP] Copy Pods Resources";
			outputFileListPaths = (
			);
			outputPaths = (
				"${TARGET_BUILD_DIR}/${UNLOCALIZED_RESOURCES_FOLDER_PATH}/FirebaseAnonymousAuthUI.bundle",
				"${TARGET_BUILD_DIR}/${UNLOCALIZED_RESOURCES_FOLDER_PATH}/FirebaseAuthUI.bundle",
				"${TARGET_BUILD_DIR}/${UNLOCALIZED_RESOURCES_FOLDER_PATH}/FirebaseEmailAuthUI.bundle",
				"${TARGET_BUILD_DIR}/${UNLOCALIZED_RESOURCES_FOLDER_PATH}/FirebaseFacebookAuthUI.bundle",
				"${TARGET_BUILD_DIR}/${UNLOCALIZED_RESOURCES_FOLDER_PATH}/FirebaseGoogleAuthUI.bundle",
				"${TARGET_BUILD_DIR}/${UNLOCALIZED_RESOURCES_FOLDER_PATH}/FirebasePhoneAuthUI.bundle",
				"${TARGET_BUILD_DIR}/${UNLOCALIZED_RESOURCES_FOLDER_PATH}/FirebaseTwitterAuthUI.bundle",
				"${TARGET_BUILD_DIR}/${UNLOCALIZED_RESOURCES_FOLDER_PATH}/GoogleSignIn.bundle",
				"${TARGET_BUILD_DIR}/${UNLOCALIZED_RESOURCES_FOLDER_PATH}/TwitterKitResources.bundle",
			);
			runOnlyForDeploymentPostprocessing = 0;
			shellPath = /bin/sh;
			shellScript = "\"${SRCROOT}/Pods/Target Support Files/Pods-surechigaiApp/Pods-surechigaiApp-resources.sh\"\n";
			showEnvVarsInLog = 0;
		};
		DE9C036D51466170F664EFA1 /* [CP] Check Pods Manifest.lock */ = {
			isa = PBXShellScriptBuildPhase;
			buildActionMask = 2147483647;
			files = (
			);
			inputFileListPaths = (
			);
			inputPaths = (
				"${PODS_PODFILE_DIR_PATH}/Podfile.lock",
				"${PODS_ROOT}/Manifest.lock",
			);
			name = "[CP] Check Pods Manifest.lock";
			outputFileListPaths = (
			);
			outputPaths = (
				"$(DERIVED_FILE_DIR)/Pods-surechigaiAppUITests-checkManifestLockResult.txt",
			);
			runOnlyForDeploymentPostprocessing = 0;
			shellPath = /bin/sh;
			shellScript = "diff \"${PODS_PODFILE_DIR_PATH}/Podfile.lock\" \"${PODS_ROOT}/Manifest.lock\" > /dev/null\nif [ $? != 0 ] ; then\n    # print error to STDERR\n    echo \"error: The sandbox is not in sync with the Podfile.lock. Run 'pod install' or update your CocoaPods installation.\" >&2\n    exit 1\nfi\n# This output is used by Xcode 'outputs' to avoid re-running this script phase.\necho \"SUCCESS\" > \"${SCRIPT_OUTPUT_FILE_0}\"\n";
			showEnvVarsInLog = 0;
		};
/* End PBXShellScriptBuildPhase section */

/* Begin PBXSourcesBuildPhase section */
		50C8D814220F1D4E00D09939 /* Sources */ = {
			isa = PBXSourcesBuildPhase;
			buildActionMask = 2147483647;
			files = (
				50C8D84D220F552500D09939 /* Notification.swift in Sources */,
				50C8D81E220F1D4E00D09939 /* ViewController.swift in Sources */,
				507FE68D2216D3C700872283 /* BLEConnectivity.swift in Sources */,
				50C8D84A220F502300D09939 /* Profile.swift in Sources */,
				50016FD522115ACA00F6C6D9 /* CustomTextField.swift in Sources */,
				32181EF122171B4400655BA9 /* PagingPerCellFlowLayout.swift in Sources */,
				32181EEE2217122900655BA9 /* CarouselCell.swift in Sources */,
				32181EF32217A84500655BA9 /* SignUpViewController.swift in Sources */,
				32EB83CF22105F6C0034C094 /* LoginViewController.swift in Sources */,
				32181EEB2217117500655BA9 /* CarouselView.swift in Sources */,
				50016FD722155AA700F6C6D9 /* ExchangeProfileViewController.swift in Sources */,
				50016FC92210802800F6C6D9 /* ProfileRegistrationViewController.swift in Sources */,
				32F612C822119649000E2C6A /* SettingTableViewController.swift in Sources */,
				50C8D81C220F1D4E00D09939 /* AppDelegate.swift in Sources */,
				32181EE12216D52F00655BA9 /* RegisterProfileViewController.swift in Sources */,
				32181ECD2211AAAC00655BA9 /* NotificationViewController.swift in Sources */,
				03CD330F220F5F05006B7BCA /* HomeViewController.swift in Sources */,
				50016FDD2215D52400F6C6D9 /* P2PConnectivity.swift in Sources */,
				32181EFA2217AA5A00655BA9 /* NoticeListViewController.swift in Sources */,
				32181EC92211AA6800655BA9 /* NotificationCreateViewController.swift in Sources */,
			);
			runOnlyForDeploymentPostprocessing = 0;
		};
		50C8D828220F1D5100D09939 /* Sources */ = {
			isa = PBXSourcesBuildPhase;
			buildActionMask = 2147483647;
			files = (
				50C8D831220F1D5100D09939 /* surechigaiAppTests.swift in Sources */,
			);
			runOnlyForDeploymentPostprocessing = 0;
		};
		50C8D833220F1D5100D09939 /* Sources */ = {
			isa = PBXSourcesBuildPhase;
			buildActionMask = 2147483647;
			files = (
				50C8D83C220F1D5100D09939 /* surechigaiAppUITests.swift in Sources */,
			);
			runOnlyForDeploymentPostprocessing = 0;
		};
/* End PBXSourcesBuildPhase section */

/* Begin PBXTargetDependency section */
		50C8D82E220F1D5100D09939 /* PBXTargetDependency */ = {
			isa = PBXTargetDependency;
			target = 50C8D817220F1D4E00D09939 /* surechigaiApp */;
			targetProxy = 50C8D82D220F1D5100D09939 /* PBXContainerItemProxy */;
		};
		50C8D839220F1D5100D09939 /* PBXTargetDependency */ = {
			isa = PBXTargetDependency;
			target = 50C8D817220F1D4E00D09939 /* surechigaiApp */;
			targetProxy = 50C8D838220F1D5100D09939 /* PBXContainerItemProxy */;
		};
/* End PBXTargetDependency section */

/* Begin PBXVariantGroup section */
		50C8D81F220F1D4E00D09939 /* Main.storyboard */ = {
			isa = PBXVariantGroup;
			children = (
				50C8D820220F1D4E00D09939 /* Base */,
			);
			name = Main.storyboard;
			sourceTree = "<group>";
		};
		50C8D824220F1D5100D09939 /* LaunchScreen.storyboard */ = {
			isa = PBXVariantGroup;
			children = (
				50C8D825220F1D5100D09939 /* Base */,
			);
			name = LaunchScreen.storyboard;
			sourceTree = "<group>";
		};
/* End PBXVariantGroup section */

/* Begin XCBuildConfiguration section */
		50C8D83E220F1D5100D09939 /* Debug */ = {
			isa = XCBuildConfiguration;
			buildSettings = {
				ALWAYS_SEARCH_USER_PATHS = NO;
				CLANG_ANALYZER_NONNULL = YES;
				CLANG_ANALYZER_NUMBER_OBJECT_CONVERSION = YES_AGGRESSIVE;
				CLANG_CXX_LANGUAGE_STANDARD = "gnu++14";
				CLANG_CXX_LIBRARY = "libc++";
				CLANG_ENABLE_MODULES = YES;
				CLANG_ENABLE_OBJC_ARC = YES;
				CLANG_ENABLE_OBJC_WEAK = YES;
				CLANG_WARN_BLOCK_CAPTURE_AUTORELEASING = YES;
				CLANG_WARN_BOOL_CONVERSION = YES;
				CLANG_WARN_COMMA = YES;
				CLANG_WARN_CONSTANT_CONVERSION = YES;
				CLANG_WARN_DEPRECATED_OBJC_IMPLEMENTATIONS = YES;
				CLANG_WARN_DIRECT_OBJC_ISA_USAGE = YES_ERROR;
				CLANG_WARN_DOCUMENTATION_COMMENTS = YES;
				CLANG_WARN_EMPTY_BODY = YES;
				CLANG_WARN_ENUM_CONVERSION = YES;
				CLANG_WARN_INFINITE_RECURSION = YES;
				CLANG_WARN_INT_CONVERSION = YES;
				CLANG_WARN_NON_LITERAL_NULL_CONVERSION = YES;
				CLANG_WARN_OBJC_IMPLICIT_RETAIN_SELF = YES;
				CLANG_WARN_OBJC_LITERAL_CONVERSION = YES;
				CLANG_WARN_OBJC_ROOT_CLASS = YES_ERROR;
				CLANG_WARN_RANGE_LOOP_ANALYSIS = YES;
				CLANG_WARN_STRICT_PROTOTYPES = YES;
				CLANG_WARN_SUSPICIOUS_MOVE = YES;
				CLANG_WARN_UNGUARDED_AVAILABILITY = YES_AGGRESSIVE;
				CLANG_WARN_UNREACHABLE_CODE = YES;
				CLANG_WARN__DUPLICATE_METHOD_MATCH = YES;
				CODE_SIGN_IDENTITY = "iPhone Developer";
				COPY_PHASE_STRIP = NO;
				DEBUG_INFORMATION_FORMAT = dwarf;
				ENABLE_STRICT_OBJC_MSGSEND = YES;
				ENABLE_TESTABILITY = YES;
				GCC_C_LANGUAGE_STANDARD = gnu11;
				GCC_DYNAMIC_NO_PIC = NO;
				GCC_NO_COMMON_BLOCKS = YES;
				GCC_OPTIMIZATION_LEVEL = 0;
				GCC_PREPROCESSOR_DEFINITIONS = (
					"DEBUG=1",
					"$(inherited)",
				);
				GCC_WARN_64_TO_32_BIT_CONVERSION = YES;
				GCC_WARN_ABOUT_RETURN_TYPE = YES_ERROR;
				GCC_WARN_UNDECLARED_SELECTOR = YES;
				GCC_WARN_UNINITIALIZED_AUTOS = YES_AGGRESSIVE;
				GCC_WARN_UNUSED_FUNCTION = YES;
				GCC_WARN_UNUSED_VARIABLE = YES;
				IPHONEOS_DEPLOYMENT_TARGET = 12.1;
				MTL_ENABLE_DEBUG_INFO = INCLUDE_SOURCE;
				MTL_FAST_MATH = YES;
				ONLY_ACTIVE_ARCH = YES;
				SDKROOT = iphoneos;
				SWIFT_ACTIVE_COMPILATION_CONDITIONS = DEBUG;
				SWIFT_OPTIMIZATION_LEVEL = "-Onone";
			};
			name = Debug;
		};
		50C8D83F220F1D5100D09939 /* Release */ = {
			isa = XCBuildConfiguration;
			buildSettings = {
				ALWAYS_SEARCH_USER_PATHS = NO;
				CLANG_ANALYZER_NONNULL = YES;
				CLANG_ANALYZER_NUMBER_OBJECT_CONVERSION = YES_AGGRESSIVE;
				CLANG_CXX_LANGUAGE_STANDARD = "gnu++14";
				CLANG_CXX_LIBRARY = "libc++";
				CLANG_ENABLE_MODULES = YES;
				CLANG_ENABLE_OBJC_ARC = YES;
				CLANG_ENABLE_OBJC_WEAK = YES;
				CLANG_WARN_BLOCK_CAPTURE_AUTORELEASING = YES;
				CLANG_WARN_BOOL_CONVERSION = YES;
				CLANG_WARN_COMMA = YES;
				CLANG_WARN_CONSTANT_CONVERSION = YES;
				CLANG_WARN_DEPRECATED_OBJC_IMPLEMENTATIONS = YES;
				CLANG_WARN_DIRECT_OBJC_ISA_USAGE = YES_ERROR;
				CLANG_WARN_DOCUMENTATION_COMMENTS = YES;
				CLANG_WARN_EMPTY_BODY = YES;
				CLANG_WARN_ENUM_CONVERSION = YES;
				CLANG_WARN_INFINITE_RECURSION = YES;
				CLANG_WARN_INT_CONVERSION = YES;
				CLANG_WARN_NON_LITERAL_NULL_CONVERSION = YES;
				CLANG_WARN_OBJC_IMPLICIT_RETAIN_SELF = YES;
				CLANG_WARN_OBJC_LITERAL_CONVERSION = YES;
				CLANG_WARN_OBJC_ROOT_CLASS = YES_ERROR;
				CLANG_WARN_RANGE_LOOP_ANALYSIS = YES;
				CLANG_WARN_STRICT_PROTOTYPES = YES;
				CLANG_WARN_SUSPICIOUS_MOVE = YES;
				CLANG_WARN_UNGUARDED_AVAILABILITY = YES_AGGRESSIVE;
				CLANG_WARN_UNREACHABLE_CODE = YES;
				CLANG_WARN__DUPLICATE_METHOD_MATCH = YES;
				CODE_SIGN_IDENTITY = "iPhone Developer";
				COPY_PHASE_STRIP = NO;
				DEBUG_INFORMATION_FORMAT = "dwarf-with-dsym";
				ENABLE_NS_ASSERTIONS = NO;
				ENABLE_STRICT_OBJC_MSGSEND = YES;
				GCC_C_LANGUAGE_STANDARD = gnu11;
				GCC_NO_COMMON_BLOCKS = YES;
				GCC_WARN_64_TO_32_BIT_CONVERSION = YES;
				GCC_WARN_ABOUT_RETURN_TYPE = YES_ERROR;
				GCC_WARN_UNDECLARED_SELECTOR = YES;
				GCC_WARN_UNINITIALIZED_AUTOS = YES_AGGRESSIVE;
				GCC_WARN_UNUSED_FUNCTION = YES;
				GCC_WARN_UNUSED_VARIABLE = YES;
				IPHONEOS_DEPLOYMENT_TARGET = 12.1;
				MTL_ENABLE_DEBUG_INFO = NO;
				MTL_FAST_MATH = YES;
				SDKROOT = iphoneos;
				SWIFT_COMPILATION_MODE = wholemodule;
				SWIFT_OPTIMIZATION_LEVEL = "-O";
				VALIDATE_PRODUCT = YES;
			};
			name = Release;
		};
		50C8D841220F1D5100D09939 /* Debug */ = {
			isa = XCBuildConfiguration;
			baseConfigurationReference = C6C9851AC9DED6234261731D /* Pods-surechigaiApp.debug.xcconfig */;
			buildSettings = {
				ASSETCATALOG_COMPILER_APPICON_NAME = AppIcon;
				CODE_SIGN_STYLE = Automatic;
				DEVELOPMENT_TEAM = "";
				INFOPLIST_FILE = surechigaiApp/Info.plist;
				LD_RUNPATH_SEARCH_PATHS = (
					"$(inherited)",
					"@executable_path/Frameworks",
				);
				PRODUCT_BUNDLE_IDENTIFIER = com.kawamura.surechigaiApp;
				PRODUCT_NAME = "$(TARGET_NAME)";
				SWIFT_VERSION = 4.2;
				TARGETED_DEVICE_FAMILY = "1,2";
			};
			name = Debug;
		};
		50C8D842220F1D5100D09939 /* Release */ = {
			isa = XCBuildConfiguration;
			baseConfigurationReference = B2EF7FBD5D623B7B15AAE220 /* Pods-surechigaiApp.release.xcconfig */;
			buildSettings = {
				ASSETCATALOG_COMPILER_APPICON_NAME = AppIcon;
				CODE_SIGN_STYLE = Automatic;
				DEVELOPMENT_TEAM = "";
				INFOPLIST_FILE = surechigaiApp/Info.plist;
				LD_RUNPATH_SEARCH_PATHS = (
					"$(inherited)",
					"@executable_path/Frameworks",
				);
				PRODUCT_BUNDLE_IDENTIFIER = com.kawamura.surechigaiApp;
				PRODUCT_NAME = "$(TARGET_NAME)";
				SWIFT_VERSION = 4.2;
				TARGETED_DEVICE_FAMILY = "1,2";
			};
			name = Release;
		};
		50C8D844220F1D5100D09939 /* Debug */ = {
			isa = XCBuildConfiguration;
			baseConfigurationReference = B8FEA189B89CF96EDB41EDB3 /* Pods-surechigaiAppTests.debug.xcconfig */;
			buildSettings = {
				ALWAYS_EMBED_SWIFT_STANDARD_LIBRARIES = YES;
				BUNDLE_LOADER = "$(TEST_HOST)";
				CODE_SIGN_STYLE = Automatic;
				DEVELOPMENT_TEAM = V85Y4GF6BG;
				INFOPLIST_FILE = surechigaiAppTests/Info.plist;
				LD_RUNPATH_SEARCH_PATHS = (
					"$(inherited)",
					"@executable_path/Frameworks",
					"@loader_path/Frameworks",
				);
				PRODUCT_BUNDLE_IDENTIFIER = com.kawamura.surechigaiAppTests;
				PRODUCT_NAME = "$(TARGET_NAME)";
				SWIFT_VERSION = 4.2;
				TARGETED_DEVICE_FAMILY = "1,2";
				TEST_HOST = "$(BUILT_PRODUCTS_DIR)/surechigaiApp.app/surechigaiApp";
			};
			name = Debug;
		};
		50C8D845220F1D5100D09939 /* Release */ = {
			isa = XCBuildConfiguration;
			baseConfigurationReference = 230CECF1F17DD003A78DB7F0 /* Pods-surechigaiAppTests.release.xcconfig */;
			buildSettings = {
				ALWAYS_EMBED_SWIFT_STANDARD_LIBRARIES = YES;
				BUNDLE_LOADER = "$(TEST_HOST)";
				CODE_SIGN_STYLE = Automatic;
				DEVELOPMENT_TEAM = V85Y4GF6BG;
				INFOPLIST_FILE = surechigaiAppTests/Info.plist;
				LD_RUNPATH_SEARCH_PATHS = (
					"$(inherited)",
					"@executable_path/Frameworks",
					"@loader_path/Frameworks",
				);
				PRODUCT_BUNDLE_IDENTIFIER = com.kawamura.surechigaiAppTests;
				PRODUCT_NAME = "$(TARGET_NAME)";
				SWIFT_VERSION = 4.2;
				TARGETED_DEVICE_FAMILY = "1,2";
				TEST_HOST = "$(BUILT_PRODUCTS_DIR)/surechigaiApp.app/surechigaiApp";
			};
			name = Release;
		};
		50C8D847220F1D5100D09939 /* Debug */ = {
			isa = XCBuildConfiguration;
			baseConfigurationReference = 5FF24996FA45D46137A9335C /* Pods-surechigaiAppUITests.debug.xcconfig */;
			buildSettings = {
				ALWAYS_EMBED_SWIFT_STANDARD_LIBRARIES = YES;
				CODE_SIGN_STYLE = Automatic;
				DEVELOPMENT_TEAM = V85Y4GF6BG;
				INFOPLIST_FILE = surechigaiAppUITests/Info.plist;
				LD_RUNPATH_SEARCH_PATHS = (
					"$(inherited)",
					"@executable_path/Frameworks",
					"@loader_path/Frameworks",
				);
				PRODUCT_BUNDLE_IDENTIFIER = com.kawamura.surechigaiAppUITests;
				PRODUCT_NAME = "$(TARGET_NAME)";
				SWIFT_VERSION = 4.2;
				TARGETED_DEVICE_FAMILY = "1,2";
				TEST_TARGET_NAME = surechigaiApp;
			};
			name = Debug;
		};
		50C8D848220F1D5100D09939 /* Release */ = {
			isa = XCBuildConfiguration;
			baseConfigurationReference = 76D133AD315419E2303283FF /* Pods-surechigaiAppUITests.release.xcconfig */;
			buildSettings = {
				ALWAYS_EMBED_SWIFT_STANDARD_LIBRARIES = YES;
				CODE_SIGN_STYLE = Automatic;
				DEVELOPMENT_TEAM = V85Y4GF6BG;
				INFOPLIST_FILE = surechigaiAppUITests/Info.plist;
				LD_RUNPATH_SEARCH_PATHS = (
					"$(inherited)",
					"@executable_path/Frameworks",
					"@loader_path/Frameworks",
				);
				PRODUCT_BUNDLE_IDENTIFIER = com.kawamura.surechigaiAppUITests;
				PRODUCT_NAME = "$(TARGET_NAME)";
				SWIFT_VERSION = 4.2;
				TARGETED_DEVICE_FAMILY = "1,2";
				TEST_TARGET_NAME = surechigaiApp;
			};
			name = Release;
		};
/* End XCBuildConfiguration section */

/* Begin XCConfigurationList section */
		50C8D813220F1D4E00D09939 /* Build configuration list for PBXProject "surechigaiApp" */ = {
			isa = XCConfigurationList;
			buildConfigurations = (
				50C8D83E220F1D5100D09939 /* Debug */,
				50C8D83F220F1D5100D09939 /* Release */,
			);
			defaultConfigurationIsVisible = 0;
			defaultConfigurationName = Release;
		};
		50C8D840220F1D5100D09939 /* Build configuration list for PBXNativeTarget "surechigaiApp" */ = {
			isa = XCConfigurationList;
			buildConfigurations = (
				50C8D841220F1D5100D09939 /* Debug */,
				50C8D842220F1D5100D09939 /* Release */,
			);
			defaultConfigurationIsVisible = 0;
			defaultConfigurationName = Release;
		};
		50C8D843220F1D5100D09939 /* Build configuration list for PBXNativeTarget "surechigaiAppTests" */ = {
			isa = XCConfigurationList;
			buildConfigurations = (
				50C8D844220F1D5100D09939 /* Debug */,
				50C8D845220F1D5100D09939 /* Release */,
			);
			defaultConfigurationIsVisible = 0;
			defaultConfigurationName = Release;
		};
		50C8D846220F1D5100D09939 /* Build configuration list for PBXNativeTarget "surechigaiAppUITests" */ = {
			isa = XCConfigurationList;
			buildConfigurations = (
				50C8D847220F1D5100D09939 /* Debug */,
				50C8D848220F1D5100D09939 /* Release */,
			);
			defaultConfigurationIsVisible = 0;
			defaultConfigurationName = Release;
		};
/* End XCConfigurationList section */
	};
	rootObject = 50C8D810220F1D4E00D09939 /* Project object */;
}
